<?xml version="1.0" encoding="utf-8"?>
<Project ToolsVersion="4.0" xmlns="http://schemas.microsoft.com/developer/msbuild/2003">
  <ItemGroup>
    <Filter Include="Tests">
      <UniqueIdentifier>{d595a0db-0be6-438a-b871-4258bec13150}</UniqueIdentifier>
    </Filter>
    <Filter Include="Source">
      <UniqueIdentifier>{7a3cade5-1763-4ca8-b010-9ac3d6c75232}</UniqueIdentifier>
    </Filter>
  </ItemGroup>
  <ItemGroup>
    <ClCompile Include="BasicSerializationTest.cpp">
      <Filter>Tests</Filter>
    </ClCompile>
    <ClCompile Include="StdSerializationTest.cpp">
      <Filter>Tests</Filter>
    </ClCompile>
    <ClCompile Include="ZCLSerializationTest.cpp">
      <Filter>Tests</Filter>
    </ClCompile>
    <ClCompile Include="main.cpp">
      <Filter>Source</Filter>
    </ClCompile>
  </ItemGroup>
  <ItemGroup>
    <ClInclude Include="SerializationTestPattern.hpp">
      <Filter>Tests</Filter>
    </ClInclude>
  </ItemGroup>
</Project>