
Microsoft Visual Studio Solution File, Format Version 12.00
# Visual Studio 14
VisualStudioVersion = 14.0.25420.1
MinimumVisualStudioVersion = 10.0.40219.1
# Make sure all filters are declared before any project, otherwise this can screw up how the default startup project works
Project("{2150E333-8FDC-42A3-9474-1A3956D46DE8}") = "Libraries", "Libraries", "{2E623C03-CFF7-4D71-95F8-F46DEFEB1EF1}"
EndProject
Project("{2150E333-8FDC-42A3-9474-1A3956D46DE8}") = "Extensions", "Extensions", "{7C1A603E-AC96-42B7-A35A-8878C8C9E0C8}"
EndProject
Project("{2150E333-8FDC-42A3-9474-1A3956D46DE8}") = "Applications", "Applications", "{3A1CECD3-9F23-4225-B640-5BA5EC8AF8E8}"
EndProject
Project("{2150E333-8FDC-42A3-9474-1A3956D46DE8}") = "Platform", "Platform", "{BFA616BA-20B4-4210-A078-840A6BBC6F62}"
EndProject
Project("{8BC9CEB8-8B4A-11D0-8D11-00A0C91BC942}") = "Win32Editor", "Projects\Win32Editor\Win32Editor.vcxproj", "{F5630AC8-F0C7-4B26-A2C0-BECCBD633B97}"
EndProject
Project("{8BC9CEB8-8B4A-11D0-8D11-00A0C91BC942}") = "Physics", "Systems\Physics\Physics.vcxproj", "{B1397FE7-B02A-4689-8F19-719BF0E70E7C}"
EndProject
Project("{8BC9CEB8-8B4A-11D0-8D11-00A0C91BC942}") = "Serialization", "ZeroLibraries\Serialization\Serialization.vcxproj", "{35D4371C-B7A6-4FC4-ABA3-0BE750125CE3}"
EndProject
Project("{8BC9CEB8-8B4A-11D0-8D11-00A0C91BC942}") = "Math", "ZeroLibraries\Math\Math.vcxproj", "{767A1157-B18F-478E-B580-F6F624F9282A}"
EndProject
Project("{8BC9CEB8-8B4A-11D0-8D11-00A0C91BC942}") = "Engine", "Systems\Engine\Engine.vcxproj", "{B45F9232-8734-48EA-AC16-29F41866D676}"
EndProject
Project("{8BC9CEB8-8B4A-11D0-8D11-00A0C91BC942}") = "Graphics", "Systems\Graphics\Graphics.vcxproj", "{0657486A-FE2E-454E-8AA2-750EAFB0FAF2}"
EndProject
Project("{8BC9CEB8-8B4A-11D0-8D11-00A0C91BC942}") = "Widget", "Extensions\Widget\Widget.vcxproj", "{172480CF-88DA-4510-801F-68884B1B9070}"
EndProject
Project("{8BC9CEB8-8B4A-11D0-8D11-00A0C91BC942}") = "Sound", "Systems\Sound\Sound.vcxproj", "{CA0735F3-8CE7-4663-BFE5-96FEF5EA0880}"
EndProject
Project("{8BC9CEB8-8B4A-11D0-8D11-00A0C91BC942}") = "Content", "Systems\Content\Content.vcxproj", "{E19019F5-9C2C-4329-AAB5-DB28E39CC0F2}"
EndProject
Project("{8BC9CEB8-8B4A-11D0-8D11-00A0C91BC942}") = "Networking", "Systems\Networking\Networking.vcxproj", "{A0359E52-6512-4C5C-916B-F70B35E49242}"
EndProject
Project("{8BC9CEB8-8B4A-11D0-8D11-00A0C91BC942}") = "Editor", "Extensions\Editor\Editor.vcxproj", "{172480CF-88DA-4510-801F-68884C1B9F70}"
EndProject
Project("{8BC9CEB8-8B4A-11D0-8D11-00A0C91BC942}") = "SpatialPartition", "ZeroLibraries\SpatialPartition\SpatialPartition.vcxproj", "{4AC67C2F-24E2-46E1-98B5-049B819EE958}"
EndProject
Project("{8BC9CEB8-8B4A-11D0-8D11-00A0C91BC942}") = "Meta", "ZeroLibraries\Meta\Meta.vcxproj", "{B45F9232-8734-47EA-AC16-29F418D6D676}"
EndProject
Project("{2150E333-8FDC-42A3-9474-1A3956D46DE8}") = "Core", "Core", "{B8833CAA-9607-4563-B9D0-4236DF19B428}"
EndProject
Project("{8BC9CEB8-8B4A-11D0-8D11-00A0C91BC942}") = "Support", "ZeroLibraries\Support\Support.vcxproj", "{767A1057-B18F-478E-B480-F6F624F9282A}"
EndProject
Project("{8BC9CEB8-8B4A-11D0-8D11-00A0C91BC942}") = "Gameplay", "Extensions\Gameplay\Gameplay.vcxproj", "{3E095F86-7C87-4C15-806C-8DFB596BD948}"
EndProject
Project("{8BC9CEB8-8B4A-11D0-8D11-00A0C91BC942}") = "WindowsShellSystem", "Systems\WindowsShell\WindowsShellSystem.vcxproj", "{FAE35CEC-66E1-4C73-BC88-1A001610440A}"
EndProject
Project("{8BC9CEB8-8B4A-11D0-8D11-00A0C91BC942}") = "Platform", "ZeroLibraries\Platform\Platform.vcxproj", "{C26BF2C8-D6C3-441A-83AA-9BA656CDF41C}"
EndProject
Project("{8BC9CEB8-8B4A-11D0-8D11-00A0C91BC942}") = "Common", "ZeroLibraries\Common\Common.vcxproj", "{3A62CE69-835E-4D16-86C2-5326625A18BC}"
EndProject
Project("{8BC9CEB8-8B4A-11D0-8D11-00A0C91BC942}") = "Zilch", "ZeroLibraries\Zilch\Project\Zilch\Zilch.vcxproj", "{F3973B0B-D2AB-4F7D-8E81-FE0DC7CDE27D}"
EndProject
Project("{8BC9CEB8-8B4A-11D0-8D11-00A0C91BC942}") = "ZilchScript", "Systems\ZilchScript\ZilchScript.vcxproj", "{175480CF-83DF-4510-801F-68824C1B9F70}"
EndProject
Project("{8BC9CEB8-8B4A-11D0-8D11-00A0C91BC942}") = "CodeTranslator", "Extensions\CodeTranslator\CodeTranslator.vcxproj", "{4D8CBD5B-3BFF-4F91-B7FD-64F1BB832FF7}"
EndProject
Project("{8BC9CEB8-8B4A-11D0-8D11-00A0C91BC942}") = "Geometry", "ZeroLibraries\Geometry\Geometry.vcxproj", "{787F598D-F96E-48F5-8075-25D31FC7ED60}"
EndProject
Project("{8BC9CEB8-8B4A-11D0-8D11-00A0C91BC942}") = "WindowsPlatform", "ZeroLibraries\Platform\Windows\WindowsPlatform.vcxproj", "{DBE8E33A-7E70-402C-BCF6-D1EFEE93FA76}"
EndProject
Project("{8BC9CEB8-8B4A-11D0-8D11-00A0C91BC942}") = "Win32ZeroLauncher", "Projects\Win32Launcher\Win32Launcher\Win32ZeroLauncher.vcxproj", "{C47C1FA4-409A-4300-905F-D4CC179BABC0}"
EndProject
Project("{8BC9CEB8-8B4A-11D0-8D11-00A0C91BC942}") = "Win32ZeroLauncherDll", "Projects\Win32Launcher\Win32LauncherDll\Win32ZeroLauncherDll.vcxproj", "{EBD67762-3D8B-4F8A-8080-FC4D04013988}"
EndProject
Project("{8BC9CEB8-8B4A-11D0-8D11-00A0C91BC942}") = "Dash", "ZeroLibraries\Dash\Dash.vcxproj", "{F1597A26-9F2D-473A-827C-0CE8C758763D}"
EndProject
Project("{8BC9CEB8-8B4A-11D0-8D11-00A0C91BC942}") = "AudioEngine", "ZeroLibraries\AudioEngine\AudioEngine.vcxproj", "{FA3C580E-8E06-466A-8EB1-34BB2EFED4FA}"
EndProject
Project("{8BC9CEB8-8B4A-11D0-8D11-00A0C91BC942}") = "UiWidget", "Extensions\UiWidget\UiWidget.vcxproj", "{FEB98436-B132-4E39-A774-8DBDE6CE12D6}"
EndProject
Project("{8BC9CEB8-8B4A-11D0-8D11-00A0C91BC942}") = "ZilchShaders", "Extensions\ZilchShaders\ZilchShaders.vcxproj", "{34F0E1C6-C7FC-405F-9BF3-2CDBF6BBAAF7}"
EndProject
Project("{8BC9CEB8-8B4A-11D0-8D11-00A0C91BC942}") = "OpenglRenderer", "Systems\OpenglRenderer\OpenglRenderer.vcxproj", "{B12CF952-9A77-4D6E-80A6-798699763451}"
EndProject
Project("{8BC9CEB8-8B4A-11D0-8D11-00A0C91BC942}") = "ChromeSubProcess", "Projects\ChromeSubProcess\ChromeSubProcess.vcxproj", "{FAD16D53-662C-47C1-9A7A-C0653D25C070}"
EndProject
Project("{8BC9CEB8-8B4A-11D0-8D11-00A0C91BC942}") = "Startup", "Systems\Startup\Startup.vcxproj", "{D435E236-C996-4E7D-A4D6-DCDC20CC835D}"
EndProject
Global
	GlobalSection(SolutionConfigurationPlatforms) = preSolution
		Debug|Win32 = Debug|Win32
		Debug|x64 = Debug|x64
		Production|Win32 = Production|Win32
		Production|x64 = Production|x64
		Release|Win32 = Release|Win32
		Release|x64 = Release|x64
		Scons|Win32 = Scons|Win32
		Scons|x64 = Scons|x64
	EndGlobalSection
	GlobalSection(ProjectConfigurationPlatforms) = postSolution
		{F5630AC8-F0C7-4B26-A2C0-BECCBD633B97}.Debug|Win32.ActiveCfg = Debug|Win32
		{F5630AC8-F0C7-4B26-A2C0-BECCBD633B97}.Debug|Win32.Build.0 = Debug|Win32
		{F5630AC8-F0C7-4B26-A2C0-BECCBD633B97}.Debug|x64.ActiveCfg = Debug|x64
		{F5630AC8-F0C7-4B26-A2C0-BECCBD633B97}.Debug|x64.Build.0 = Debug|x64
		{F5630AC8-F0C7-4B26-A2C0-BECCBD633B97}.Production|Win32.ActiveCfg = Production|Win32
		{F5630AC8-F0C7-4B26-A2C0-BECCBD633B97}.Production|Win32.Build.0 = Production|Win32
		{F5630AC8-F0C7-4B26-A2C0-BECCBD633B97}.Production|x64.ActiveCfg = Production|x64
		{F5630AC8-F0C7-4B26-A2C0-BECCBD633B97}.Production|x64.Build.0 = Production|x64
		{F5630AC8-F0C7-4B26-A2C0-BECCBD633B97}.Release|Win32.ActiveCfg = Release|Win32
		{F5630AC8-F0C7-4B26-A2C0-BECCBD633B97}.Release|Win32.Build.0 = Release|Win32
		{F5630AC8-F0C7-4B26-A2C0-BECCBD633B97}.Release|x64.ActiveCfg = Release|x64
		{F5630AC8-F0C7-4B26-A2C0-BECCBD633B97}.Release|x64.Build.0 = Release|x64
		{F5630AC8-F0C7-4B26-A2C0-BECCBD633B97}.Scons|Win32.ActiveCfg = Release|Win32
		{F5630AC8-F0C7-4B26-A2C0-BECCBD633B97}.Scons|Win32.Build.0 = Release|Win32
		{F5630AC8-F0C7-4B26-A2C0-BECCBD633B97}.Scons|x64.ActiveCfg = Release|x64
		{F5630AC8-F0C7-4B26-A2C0-BECCBD633B97}.Scons|x64.Build.0 = Release|x64
		{B1397FE7-B02A-4689-8F19-719BF0E70E7C}.Debug|Win32.ActiveCfg = Debug|Win32
		{B1397FE7-B02A-4689-8F19-719BF0E70E7C}.Debug|Win32.Build.0 = Debug|Win32
		{B1397FE7-B02A-4689-8F19-719BF0E70E7C}.Debug|x64.ActiveCfg = Debug|x64
		{B1397FE7-B02A-4689-8F19-719BF0E70E7C}.Debug|x64.Build.0 = Debug|x64
		{B1397FE7-B02A-4689-8F19-719BF0E70E7C}.Production|Win32.ActiveCfg = Production|Win32
		{B1397FE7-B02A-4689-8F19-719BF0E70E7C}.Production|Win32.Build.0 = Production|Win32
		{B1397FE7-B02A-4689-8F19-719BF0E70E7C}.Production|x64.ActiveCfg = Production|x64
		{B1397FE7-B02A-4689-8F19-719BF0E70E7C}.Production|x64.Build.0 = Production|x64
		{B1397FE7-B02A-4689-8F19-719BF0E70E7C}.Release|Win32.ActiveCfg = Release|Win32
		{B1397FE7-B02A-4689-8F19-719BF0E70E7C}.Release|Win32.Build.0 = Release|Win32
		{B1397FE7-B02A-4689-8F19-719BF0E70E7C}.Release|x64.ActiveCfg = Release|x64
		{B1397FE7-B02A-4689-8F19-719BF0E70E7C}.Release|x64.Build.0 = Release|x64
		{B1397FE7-B02A-4689-8F19-719BF0E70E7C}.Scons|Win32.ActiveCfg = Release|Win32
		{B1397FE7-B02A-4689-8F19-719BF0E70E7C}.Scons|Win32.Build.0 = Release|Win32
		{B1397FE7-B02A-4689-8F19-719BF0E70E7C}.Scons|x64.ActiveCfg = Release|x64
		{B1397FE7-B02A-4689-8F19-719BF0E70E7C}.Scons|x64.Build.0 = Release|x64
		{35D4371C-B7A6-4FC4-ABA3-0BE750125CE3}.Debug|Win32.ActiveCfg = Debug|Win32
		{35D4371C-B7A6-4FC4-ABA3-0BE750125CE3}.Debug|Win32.Build.0 = Debug|Win32
		{35D4371C-B7A6-4FC4-ABA3-0BE750125CE3}.Debug|x64.ActiveCfg = Debug|x64
		{35D4371C-B7A6-4FC4-ABA3-0BE750125CE3}.Debug|x64.Build.0 = Debug|x64
		{35D4371C-B7A6-4FC4-ABA3-0BE750125CE3}.Production|Win32.ActiveCfg = Production|Win32
		{35D4371C-B7A6-4FC4-ABA3-0BE750125CE3}.Production|Win32.Build.0 = Production|Win32
		{35D4371C-B7A6-4FC4-ABA3-0BE750125CE3}.Production|x64.ActiveCfg = Production|x64
		{35D4371C-B7A6-4FC4-ABA3-0BE750125CE3}.Production|x64.Build.0 = Production|x64
		{35D4371C-B7A6-4FC4-ABA3-0BE750125CE3}.Release|Win32.ActiveCfg = Release|Win32
		{35D4371C-B7A6-4FC4-ABA3-0BE750125CE3}.Release|Win32.Build.0 = Release|Win32
		{35D4371C-B7A6-4FC4-ABA3-0BE750125CE3}.Release|x64.ActiveCfg = Release|x64
		{35D4371C-B7A6-4FC4-ABA3-0BE750125CE3}.Release|x64.Build.0 = Release|x64
		{35D4371C-B7A6-4FC4-ABA3-0BE750125CE3}.Scons|Win32.ActiveCfg = Release|Win32
		{35D4371C-B7A6-4FC4-ABA3-0BE750125CE3}.Scons|Win32.Build.0 = Release|Win32
		{35D4371C-B7A6-4FC4-ABA3-0BE750125CE3}.Scons|x64.ActiveCfg = Release|x64
		{35D4371C-B7A6-4FC4-ABA3-0BE750125CE3}.Scons|x64.Build.0 = Release|x64
		{767A1157-B18F-478E-B580-F6F624F9282A}.Debug|Win32.ActiveCfg = Debug|Win32
		{767A1157-B18F-478E-B580-F6F624F9282A}.Debug|Win32.Build.0 = Debug|Win32
		{767A1157-B18F-478E-B580-F6F624F9282A}.Debug|x64.ActiveCfg = Debug|x64
		{767A1157-B18F-478E-B580-F6F624F9282A}.Debug|x64.Build.0 = Debug|x64
		{767A1157-B18F-478E-B580-F6F624F9282A}.Production|Win32.ActiveCfg = Production|Win32
		{767A1157-B18F-478E-B580-F6F624F9282A}.Production|Win32.Build.0 = Production|Win32
		{767A1157-B18F-478E-B580-F6F624F9282A}.Production|x64.ActiveCfg = Production|x64
		{767A1157-B18F-478E-B580-F6F624F9282A}.Production|x64.Build.0 = Production|x64
		{767A1157-B18F-478E-B580-F6F624F9282A}.Release|Win32.ActiveCfg = Release|Win32
		{767A1157-B18F-478E-B580-F6F624F9282A}.Release|Win32.Build.0 = Release|Win32
		{767A1157-B18F-478E-B580-F6F624F9282A}.Release|x64.ActiveCfg = Release|x64
		{767A1157-B18F-478E-B580-F6F624F9282A}.Release|x64.Build.0 = Release|x64
		{767A1157-B18F-478E-B580-F6F624F9282A}.Scons|Win32.ActiveCfg = Release|Win32
		{767A1157-B18F-478E-B580-F6F624F9282A}.Scons|Win32.Build.0 = Release|Win32
		{767A1157-B18F-478E-B580-F6F624F9282A}.Scons|x64.ActiveCfg = Release|x64
		{767A1157-B18F-478E-B580-F6F624F9282A}.Scons|x64.Build.0 = Release|x64
		{B45F9232-8734-48EA-AC16-29F41866D676}.Debug|Win32.ActiveCfg = Debug|Win32
		{B45F9232-8734-48EA-AC16-29F41866D676}.Debug|Win32.Build.0 = Debug|Win32
		{B45F9232-8734-48EA-AC16-29F41866D676}.Debug|x64.ActiveCfg = Debug|x64
		{B45F9232-8734-48EA-AC16-29F41866D676}.Debug|x64.Build.0 = Debug|x64
		{B45F9232-8734-48EA-AC16-29F41866D676}.Production|Win32.ActiveCfg = Production|Win32
		{B45F9232-8734-48EA-AC16-29F41866D676}.Production|Win32.Build.0 = Production|Win32
		{B45F9232-8734-48EA-AC16-29F41866D676}.Production|x64.ActiveCfg = Production|x64
		{B45F9232-8734-48EA-AC16-29F41866D676}.Production|x64.Build.0 = Production|x64
		{B45F9232-8734-48EA-AC16-29F41866D676}.Release|Win32.ActiveCfg = Release|Win32
		{B45F9232-8734-48EA-AC16-29F41866D676}.Release|Win32.Build.0 = Release|Win32
		{B45F9232-8734-48EA-AC16-29F41866D676}.Release|x64.ActiveCfg = Release|x64
		{B45F9232-8734-48EA-AC16-29F41866D676}.Release|x64.Build.0 = Release|x64
		{B45F9232-8734-48EA-AC16-29F41866D676}.Scons|Win32.ActiveCfg = Release|Win32
		{B45F9232-8734-48EA-AC16-29F41866D676}.Scons|Win32.Build.0 = Release|Win32
		{B45F9232-8734-48EA-AC16-29F41866D676}.Scons|x64.ActiveCfg = Release|x64
		{B45F9232-8734-48EA-AC16-29F41866D676}.Scons|x64.Build.0 = Release|x64
		{0657486A-FE2E-454E-8AA2-750EAFB0FAF2}.Debug|Win32.ActiveCfg = Debug|Win32
		{0657486A-FE2E-454E-8AA2-750EAFB0FAF2}.Debug|Win32.Build.0 = Debug|Win32
		{0657486A-FE2E-454E-8AA2-750EAFB0FAF2}.Debug|x64.ActiveCfg = Debug|x64
		{0657486A-FE2E-454E-8AA2-750EAFB0FAF2}.Debug|x64.Build.0 = Debug|x64
		{0657486A-FE2E-454E-8AA2-750EAFB0FAF2}.Production|Win32.ActiveCfg = Production|Win32
		{0657486A-FE2E-454E-8AA2-750EAFB0FAF2}.Production|Win32.Build.0 = Production|Win32
		{0657486A-FE2E-454E-8AA2-750EAFB0FAF2}.Production|x64.ActiveCfg = Production|x64
		{0657486A-FE2E-454E-8AA2-750EAFB0FAF2}.Production|x64.Build.0 = Production|x64
		{0657486A-FE2E-454E-8AA2-750EAFB0FAF2}.Release|Win32.ActiveCfg = Release|Win32
		{0657486A-FE2E-454E-8AA2-750EAFB0FAF2}.Release|Win32.Build.0 = Release|Win32
		{0657486A-FE2E-454E-8AA2-750EAFB0FAF2}.Release|x64.ActiveCfg = Release|x64
		{0657486A-FE2E-454E-8AA2-750EAFB0FAF2}.Release|x64.Build.0 = Release|x64
		{0657486A-FE2E-454E-8AA2-750EAFB0FAF2}.Scons|Win32.ActiveCfg = Release|Win32
		{0657486A-FE2E-454E-8AA2-750EAFB0FAF2}.Scons|Win32.Build.0 = Release|Win32
		{0657486A-FE2E-454E-8AA2-750EAFB0FAF2}.Scons|x64.ActiveCfg = Release|x64
		{0657486A-FE2E-454E-8AA2-750EAFB0FAF2}.Scons|x64.Build.0 = Release|x64
		{172480CF-88DA-4510-801F-68884B1B9070}.Debug|Win32.ActiveCfg = Debug|Win32
		{172480CF-88DA-4510-801F-68884B1B9070}.Debug|Win32.Build.0 = Debug|Win32
		{172480CF-88DA-4510-801F-68884B1B9070}.Debug|x64.ActiveCfg = Debug|x64
		{172480CF-88DA-4510-801F-68884B1B9070}.Debug|x64.Build.0 = Debug|x64
		{172480CF-88DA-4510-801F-68884B1B9070}.Production|Win32.ActiveCfg = Production|Win32
		{172480CF-88DA-4510-801F-68884B1B9070}.Production|Win32.Build.0 = Production|Win32
		{172480CF-88DA-4510-801F-68884B1B9070}.Production|x64.ActiveCfg = Production|x64
		{172480CF-88DA-4510-801F-68884B1B9070}.Production|x64.Build.0 = Production|x64
		{172480CF-88DA-4510-801F-68884B1B9070}.Release|Win32.ActiveCfg = Release|Win32
		{172480CF-88DA-4510-801F-68884B1B9070}.Release|Win32.Build.0 = Release|Win32
		{172480CF-88DA-4510-801F-68884B1B9070}.Release|x64.ActiveCfg = Release|x64
		{172480CF-88DA-4510-801F-68884B1B9070}.Release|x64.Build.0 = Release|x64
		{172480CF-88DA-4510-801F-68884B1B9070}.Scons|Win32.ActiveCfg = Release|Win32
		{172480CF-88DA-4510-801F-68884B1B9070}.Scons|Win32.Build.0 = Release|Win32
		{172480CF-88DA-4510-801F-68884B1B9070}.Scons|x64.ActiveCfg = Release|x64
		{172480CF-88DA-4510-801F-68884B1B9070}.Scons|x64.Build.0 = Release|x64
		{CA0735F3-8CE7-4663-BFE5-96FEF5EA0880}.Debug|Win32.ActiveCfg = Debug|Win32
		{CA0735F3-8CE7-4663-BFE5-96FEF5EA0880}.Debug|Win32.Build.0 = Debug|Win32
		{CA0735F3-8CE7-4663-BFE5-96FEF5EA0880}.Debug|x64.ActiveCfg = Debug|x64
		{CA0735F3-8CE7-4663-BFE5-96FEF5EA0880}.Debug|x64.Build.0 = Debug|x64
		{CA0735F3-8CE7-4663-BFE5-96FEF5EA0880}.Production|Win32.ActiveCfg = Production|Win32
		{CA0735F3-8CE7-4663-BFE5-96FEF5EA0880}.Production|Win32.Build.0 = Production|Win32
		{CA0735F3-8CE7-4663-BFE5-96FEF5EA0880}.Production|x64.ActiveCfg = Production|x64
		{CA0735F3-8CE7-4663-BFE5-96FEF5EA0880}.Production|x64.Build.0 = Production|x64
		{CA0735F3-8CE7-4663-BFE5-96FEF5EA0880}.Release|Win32.ActiveCfg = Release|Win32
		{CA0735F3-8CE7-4663-BFE5-96FEF5EA0880}.Release|Win32.Build.0 = Release|Win32
		{CA0735F3-8CE7-4663-BFE5-96FEF5EA0880}.Release|x64.ActiveCfg = Release|x64
		{CA0735F3-8CE7-4663-BFE5-96FEF5EA0880}.Release|x64.Build.0 = Release|x64
		{CA0735F3-8CE7-4663-BFE5-96FEF5EA0880}.Scons|Win32.ActiveCfg = Release|Win32
		{CA0735F3-8CE7-4663-BFE5-96FEF5EA0880}.Scons|Win32.Build.0 = Release|Win32
		{CA0735F3-8CE7-4663-BFE5-96FEF5EA0880}.Scons|x64.ActiveCfg = Release|x64
		{CA0735F3-8CE7-4663-BFE5-96FEF5EA0880}.Scons|x64.Build.0 = Release|x64
		{E19019F5-9C2C-4329-AAB5-DB28E39CC0F2}.Debug|Win32.ActiveCfg = Debug|Win32
		{E19019F5-9C2C-4329-AAB5-DB28E39CC0F2}.Debug|Win32.Build.0 = Debug|Win32
		{E19019F5-9C2C-4329-AAB5-DB28E39CC0F2}.Debug|x64.ActiveCfg = Debug|x64
		{E19019F5-9C2C-4329-AAB5-DB28E39CC0F2}.Debug|x64.Build.0 = Debug|x64
		{E19019F5-9C2C-4329-AAB5-DB28E39CC0F2}.Production|Win32.ActiveCfg = Production|Win32
		{E19019F5-9C2C-4329-AAB5-DB28E39CC0F2}.Production|Win32.Build.0 = Production|Win32
		{E19019F5-9C2C-4329-AAB5-DB28E39CC0F2}.Production|x64.ActiveCfg = Production|x64
		{E19019F5-9C2C-4329-AAB5-DB28E39CC0F2}.Production|x64.Build.0 = Production|x64
		{E19019F5-9C2C-4329-AAB5-DB28E39CC0F2}.Release|Win32.ActiveCfg = Release|Win32
		{E19019F5-9C2C-4329-AAB5-DB28E39CC0F2}.Release|Win32.Build.0 = Release|Win32
		{E19019F5-9C2C-4329-AAB5-DB28E39CC0F2}.Release|x64.ActiveCfg = Release|x64
		{E19019F5-9C2C-4329-AAB5-DB28E39CC0F2}.Release|x64.Build.0 = Release|x64
		{E19019F5-9C2C-4329-AAB5-DB28E39CC0F2}.Scons|Win32.ActiveCfg = Release|Win32
		{E19019F5-9C2C-4329-AAB5-DB28E39CC0F2}.Scons|Win32.Build.0 = Release|Win32
		{E19019F5-9C2C-4329-AAB5-DB28E39CC0F2}.Scons|x64.ActiveCfg = Release|x64
		{E19019F5-9C2C-4329-AAB5-DB28E39CC0F2}.Scons|x64.Build.0 = Release|x64
		{A0359E52-6512-4C5C-916B-F70B35E49242}.Debug|Win32.ActiveCfg = Debug|Win32
		{A0359E52-6512-4C5C-916B-F70B35E49242}.Debug|Win32.Build.0 = Debug|Win32
		{A0359E52-6512-4C5C-916B-F70B35E49242}.Debug|x64.ActiveCfg = Debug|x64
		{A0359E52-6512-4C5C-916B-F70B35E49242}.Debug|x64.Build.0 = Debug|x64
		{A0359E52-6512-4C5C-916B-F70B35E49242}.Production|Win32.ActiveCfg = Production|Win32
		{A0359E52-6512-4C5C-916B-F70B35E49242}.Production|Win32.Build.0 = Production|Win32
		{A0359E52-6512-4C5C-916B-F70B35E49242}.Production|x64.ActiveCfg = Production|x64
		{A0359E52-6512-4C5C-916B-F70B35E49242}.Production|x64.Build.0 = Production|x64
		{A0359E52-6512-4C5C-916B-F70B35E49242}.Release|Win32.ActiveCfg = Release|Win32
		{A0359E52-6512-4C5C-916B-F70B35E49242}.Release|Win32.Build.0 = Release|Win32
		{A0359E52-6512-4C5C-916B-F70B35E49242}.Release|x64.ActiveCfg = Release|x64
		{A0359E52-6512-4C5C-916B-F70B35E49242}.Release|x64.Build.0 = Release|x64
		{A0359E52-6512-4C5C-916B-F70B35E49242}.Scons|Win32.ActiveCfg = Release|Win32
		{A0359E52-6512-4C5C-916B-F70B35E49242}.Scons|Win32.Build.0 = Release|Win32
		{A0359E52-6512-4C5C-916B-F70B35E49242}.Scons|x64.ActiveCfg = Release|x64
		{A0359E52-6512-4C5C-916B-F70B35E49242}.Scons|x64.Build.0 = Release|x64
		{172480CF-88DA-4510-801F-68884C1B9F70}.Debug|Win32.ActiveCfg = Debug|Win32
		{172480CF-88DA-4510-801F-68884C1B9F70}.Debug|Win32.Build.0 = Debug|Win32
		{172480CF-88DA-4510-801F-68884C1B9F70}.Debug|x64.ActiveCfg = Debug|x64
		{172480CF-88DA-4510-801F-68884C1B9F70}.Debug|x64.Build.0 = Debug|x64
		{172480CF-88DA-4510-801F-68884C1B9F70}.Production|Win32.ActiveCfg = Production|Win32
		{172480CF-88DA-4510-801F-68884C1B9F70}.Production|Win32.Build.0 = Production|Win32
		{172480CF-88DA-4510-801F-68884C1B9F70}.Production|x64.ActiveCfg = Production|x64
		{172480CF-88DA-4510-801F-68884C1B9F70}.Production|x64.Build.0 = Production|x64
		{172480CF-88DA-4510-801F-68884C1B9F70}.Release|Win32.ActiveCfg = Release|Win32
		{172480CF-88DA-4510-801F-68884C1B9F70}.Release|Win32.Build.0 = Release|Win32
		{172480CF-88DA-4510-801F-68884C1B9F70}.Release|x64.ActiveCfg = Release|x64
		{172480CF-88DA-4510-801F-68884C1B9F70}.Release|x64.Build.0 = Release|x64
		{172480CF-88DA-4510-801F-68884C1B9F70}.Scons|Win32.ActiveCfg = Release|Win32
		{172480CF-88DA-4510-801F-68884C1B9F70}.Scons|Win32.Build.0 = Release|Win32
		{172480CF-88DA-4510-801F-68884C1B9F70}.Scons|x64.ActiveCfg = Release|x64
		{172480CF-88DA-4510-801F-68884C1B9F70}.Scons|x64.Build.0 = Release|x64
		{4AC67C2F-24E2-46E1-98B5-049B819EE958}.Debug|Win32.ActiveCfg = Debug|Win32
		{4AC67C2F-24E2-46E1-98B5-049B819EE958}.Debug|Win32.Build.0 = Debug|Win32
		{4AC67C2F-24E2-46E1-98B5-049B819EE958}.Debug|x64.ActiveCfg = Debug|x64
		{4AC67C2F-24E2-46E1-98B5-049B819EE958}.Debug|x64.Build.0 = Debug|x64
		{4AC67C2F-24E2-46E1-98B5-049B819EE958}.Production|Win32.ActiveCfg = Production|Win32
		{4AC67C2F-24E2-46E1-98B5-049B819EE958}.Production|Win32.Build.0 = Production|Win32
		{4AC67C2F-24E2-46E1-98B5-049B819EE958}.Production|x64.ActiveCfg = Production|x64
		{4AC67C2F-24E2-46E1-98B5-049B819EE958}.Production|x64.Build.0 = Production|x64
		{4AC67C2F-24E2-46E1-98B5-049B819EE958}.Release|Win32.ActiveCfg = Release|Win32
		{4AC67C2F-24E2-46E1-98B5-049B819EE958}.Release|Win32.Build.0 = Release|Win32
		{4AC67C2F-24E2-46E1-98B5-049B819EE958}.Release|x64.ActiveCfg = Release|x64
		{4AC67C2F-24E2-46E1-98B5-049B819EE958}.Release|x64.Build.0 = Release|x64
		{4AC67C2F-24E2-46E1-98B5-049B819EE958}.Scons|Win32.ActiveCfg = Release|Win32
		{4AC67C2F-24E2-46E1-98B5-049B819EE958}.Scons|Win32.Build.0 = Release|Win32
		{4AC67C2F-24E2-46E1-98B5-049B819EE958}.Scons|x64.ActiveCfg = Release|x64
		{4AC67C2F-24E2-46E1-98B5-049B819EE958}.Scons|x64.Build.0 = Release|x64
		{B45F9232-8734-47EA-AC16-29F418D6D676}.Debug|Win32.ActiveCfg = Debug|Win32
		{B45F9232-8734-47EA-AC16-29F418D6D676}.Debug|Win32.Build.0 = Debug|Win32
		{B45F9232-8734-47EA-AC16-29F418D6D676}.Debug|x64.ActiveCfg = Debug|x64
		{B45F9232-8734-47EA-AC16-29F418D6D676}.Debug|x64.Build.0 = Debug|x64
		{B45F9232-8734-47EA-AC16-29F418D6D676}.Production|Win32.ActiveCfg = Production|Win32
		{B45F9232-8734-47EA-AC16-29F418D6D676}.Production|Win32.Build.0 = Production|Win32
		{B45F9232-8734-47EA-AC16-29F418D6D676}.Production|x64.ActiveCfg = Production|x64
		{B45F9232-8734-47EA-AC16-29F418D6D676}.Production|x64.Build.0 = Production|x64
		{B45F9232-8734-47EA-AC16-29F418D6D676}.Release|Win32.ActiveCfg = Release|Win32
		{B45F9232-8734-47EA-AC16-29F418D6D676}.Release|Win32.Build.0 = Release|Win32
		{B45F9232-8734-47EA-AC16-29F418D6D676}.Release|x64.ActiveCfg = Release|x64
		{B45F9232-8734-47EA-AC16-29F418D6D676}.Release|x64.Build.0 = Release|x64
		{B45F9232-8734-47EA-AC16-29F418D6D676}.Scons|Win32.ActiveCfg = Release|Win32
		{B45F9232-8734-47EA-AC16-29F418D6D676}.Scons|Win32.Build.0 = Release|Win32
		{B45F9232-8734-47EA-AC16-29F418D6D676}.Scons|x64.ActiveCfg = Release|x64
		{B45F9232-8734-47EA-AC16-29F418D6D676}.Scons|x64.Build.0 = Release|x64
		{767A1057-B18F-478E-B480-F6F624F9282A}.Debug|Win32.ActiveCfg = Debug|Win32
		{767A1057-B18F-478E-B480-F6F624F9282A}.Debug|Win32.Build.0 = Debug|Win32
		{767A1057-B18F-478E-B480-F6F624F9282A}.Debug|x64.ActiveCfg = Debug|x64
		{767A1057-B18F-478E-B480-F6F624F9282A}.Debug|x64.Build.0 = Debug|x64
		{767A1057-B18F-478E-B480-F6F624F9282A}.Production|Win32.ActiveCfg = Production|Win32
		{767A1057-B18F-478E-B480-F6F624F9282A}.Production|Win32.Build.0 = Production|Win32
		{767A1057-B18F-478E-B480-F6F624F9282A}.Production|x64.ActiveCfg = Production|x64
		{767A1057-B18F-478E-B480-F6F624F9282A}.Production|x64.Build.0 = Production|x64
		{767A1057-B18F-478E-B480-F6F624F9282A}.Release|Win32.ActiveCfg = Release|Win32
		{767A1057-B18F-478E-B480-F6F624F9282A}.Release|Win32.Build.0 = Release|Win32
		{767A1057-B18F-478E-B480-F6F624F9282A}.Release|x64.ActiveCfg = Release|x64
		{767A1057-B18F-478E-B480-F6F624F9282A}.Release|x64.Build.0 = Release|x64
		{767A1057-B18F-478E-B480-F6F624F9282A}.Scons|Win32.ActiveCfg = Release|Win32
		{767A1057-B18F-478E-B480-F6F624F9282A}.Scons|Win32.Build.0 = Release|Win32
		{767A1057-B18F-478E-B480-F6F624F9282A}.Scons|x64.ActiveCfg = Release|x64
		{767A1057-B18F-478E-B480-F6F624F9282A}.Scons|x64.Build.0 = Release|x64
		{3E095F86-7C87-4C15-806C-8DFB596BD948}.Debug|Win32.ActiveCfg = Debug|Win32
		{3E095F86-7C87-4C15-806C-8DFB596BD948}.Debug|Win32.Build.0 = Debug|Win32
		{3E095F86-7C87-4C15-806C-8DFB596BD948}.Debug|x64.ActiveCfg = Debug|x64
		{3E095F86-7C87-4C15-806C-8DFB596BD948}.Debug|x64.Build.0 = Debug|x64
		{3E095F86-7C87-4C15-806C-8DFB596BD948}.Production|Win32.ActiveCfg = Production|Win32
		{3E095F86-7C87-4C15-806C-8DFB596BD948}.Production|Win32.Build.0 = Production|Win32
		{3E095F86-7C87-4C15-806C-8DFB596BD948}.Production|x64.ActiveCfg = Production|x64
		{3E095F86-7C87-4C15-806C-8DFB596BD948}.Production|x64.Build.0 = Production|x64
		{3E095F86-7C87-4C15-806C-8DFB596BD948}.Release|Win32.ActiveCfg = Release|Win32
		{3E095F86-7C87-4C15-806C-8DFB596BD948}.Release|Win32.Build.0 = Release|Win32
		{3E095F86-7C87-4C15-806C-8DFB596BD948}.Release|x64.ActiveCfg = Release|x64
		{3E095F86-7C87-4C15-806C-8DFB596BD948}.Release|x64.Build.0 = Release|x64
		{3E095F86-7C87-4C15-806C-8DFB596BD948}.Scons|Win32.ActiveCfg = Release|Win32
		{3E095F86-7C87-4C15-806C-8DFB596BD948}.Scons|Win32.Build.0 = Release|Win32
		{3E095F86-7C87-4C15-806C-8DFB596BD948}.Scons|x64.ActiveCfg = Release|x64
		{3E095F86-7C87-4C15-806C-8DFB596BD948}.Scons|x64.Build.0 = Release|x64
		{FAE35CEC-66E1-4C73-BC88-1A001610440A}.Debug|Win32.ActiveCfg = Debug|Win32
		{FAE35CEC-66E1-4C73-BC88-1A001610440A}.Debug|Win32.Build.0 = Debug|Win32
		{FAE35CEC-66E1-4C73-BC88-1A001610440A}.Debug|x64.ActiveCfg = Debug|x64
		{FAE35CEC-66E1-4C73-BC88-1A001610440A}.Debug|x64.Build.0 = Debug|x64
		{FAE35CEC-66E1-4C73-BC88-1A001610440A}.Production|Win32.ActiveCfg = Production|Win32
		{FAE35CEC-66E1-4C73-BC88-1A001610440A}.Production|Win32.Build.0 = Production|Win32
		{FAE35CEC-66E1-4C73-BC88-1A001610440A}.Production|x64.ActiveCfg = Production|x64
		{FAE35CEC-66E1-4C73-BC88-1A001610440A}.Production|x64.Build.0 = Production|x64
		{FAE35CEC-66E1-4C73-BC88-1A001610440A}.Release|Win32.ActiveCfg = Release|Win32
		{FAE35CEC-66E1-4C73-BC88-1A001610440A}.Release|Win32.Build.0 = Release|Win32
		{FAE35CEC-66E1-4C73-BC88-1A001610440A}.Release|x64.ActiveCfg = Release|x64
		{FAE35CEC-66E1-4C73-BC88-1A001610440A}.Release|x64.Build.0 = Release|x64
		{FAE35CEC-66E1-4C73-BC88-1A001610440A}.Scons|Win32.ActiveCfg = Release|Win32
		{FAE35CEC-66E1-4C73-BC88-1A001610440A}.Scons|Win32.Build.0 = Release|Win32
		{FAE35CEC-66E1-4C73-BC88-1A001610440A}.Scons|x64.ActiveCfg = Release|x64
		{FAE35CEC-66E1-4C73-BC88-1A001610440A}.Scons|x64.Build.0 = Release|x64
		{C26BF2C8-D6C3-441A-83AA-9BA656CDF41C}.Debug|Win32.ActiveCfg = Debug|Win32
		{C26BF2C8-D6C3-441A-83AA-9BA656CDF41C}.Debug|Win32.Build.0 = Debug|Win32
		{C26BF2C8-D6C3-441A-83AA-9BA656CDF41C}.Debug|x64.ActiveCfg = Debug|x64
		{C26BF2C8-D6C3-441A-83AA-9BA656CDF41C}.Debug|x64.Build.0 = Debug|x64
		{C26BF2C8-D6C3-441A-83AA-9BA656CDF41C}.Production|Win32.ActiveCfg = Production|Win32
		{C26BF2C8-D6C3-441A-83AA-9BA656CDF41C}.Production|Win32.Build.0 = Production|Win32
		{C26BF2C8-D6C3-441A-83AA-9BA656CDF41C}.Production|x64.ActiveCfg = Production|x64
		{C26BF2C8-D6C3-441A-83AA-9BA656CDF41C}.Production|x64.Build.0 = Production|x64
		{C26BF2C8-D6C3-441A-83AA-9BA656CDF41C}.Release|Win32.ActiveCfg = Release|Win32
		{C26BF2C8-D6C3-441A-83AA-9BA656CDF41C}.Release|Win32.Build.0 = Release|Win32
		{C26BF2C8-D6C3-441A-83AA-9BA656CDF41C}.Release|x64.ActiveCfg = Release|x64
		{C26BF2C8-D6C3-441A-83AA-9BA656CDF41C}.Release|x64.Build.0 = Release|x64
		{C26BF2C8-D6C3-441A-83AA-9BA656CDF41C}.Scons|Win32.ActiveCfg = Release|Win32
		{C26BF2C8-D6C3-441A-83AA-9BA656CDF41C}.Scons|Win32.Build.0 = Release|Win32
		{C26BF2C8-D6C3-441A-83AA-9BA656CDF41C}.Scons|x64.ActiveCfg = Release|x64
		{C26BF2C8-D6C3-441A-83AA-9BA656CDF41C}.Scons|x64.Build.0 = Release|x64
		{3A62CE69-835E-4D16-86C2-5326625A18BC}.Debug|Win32.ActiveCfg = Debug|Win32
		{3A62CE69-835E-4D16-86C2-5326625A18BC}.Debug|Win32.Build.0 = Debug|Win32
		{3A62CE69-835E-4D16-86C2-5326625A18BC}.Debug|x64.ActiveCfg = Debug|x64
		{3A62CE69-835E-4D16-86C2-5326625A18BC}.Debug|x64.Build.0 = Debug|x64
		{3A62CE69-835E-4D16-86C2-5326625A18BC}.Production|Win32.ActiveCfg = Production|Win32
		{3A62CE69-835E-4D16-86C2-5326625A18BC}.Production|Win32.Build.0 = Production|Win32
		{3A62CE69-835E-4D16-86C2-5326625A18BC}.Production|x64.ActiveCfg = Production|x64
		{3A62CE69-835E-4D16-86C2-5326625A18BC}.Production|x64.Build.0 = Production|x64
		{3A62CE69-835E-4D16-86C2-5326625A18BC}.Release|Win32.ActiveCfg = Release|Win32
		{3A62CE69-835E-4D16-86C2-5326625A18BC}.Release|Win32.Build.0 = Release|Win32
		{3A62CE69-835E-4D16-86C2-5326625A18BC}.Release|x64.ActiveCfg = Release|x64
		{3A62CE69-835E-4D16-86C2-5326625A18BC}.Release|x64.Build.0 = Release|x64
		{3A62CE69-835E-4D16-86C2-5326625A18BC}.Scons|Win32.ActiveCfg = Release|Win32
		{3A62CE69-835E-4D16-86C2-5326625A18BC}.Scons|Win32.Build.0 = Release|Win32
		{3A62CE69-835E-4D16-86C2-5326625A18BC}.Scons|x64.ActiveCfg = Release|x64
		{3A62CE69-835E-4D16-86C2-5326625A18BC}.Scons|x64.Build.0 = Release|x64
		{F3973B0B-D2AB-4F7D-8E81-FE0DC7CDE27D}.Debug|Win32.ActiveCfg = Debug|Win32
		{F3973B0B-D2AB-4F7D-8E81-FE0DC7CDE27D}.Debug|Win32.Build.0 = Debug|Win32
		{F3973B0B-D2AB-4F7D-8E81-FE0DC7CDE27D}.Debug|x64.ActiveCfg = Debug|x64
		{F3973B0B-D2AB-4F7D-8E81-FE0DC7CDE27D}.Debug|x64.Build.0 = Debug|x64
		{F3973B0B-D2AB-4F7D-8E81-FE0DC7CDE27D}.Production|Win32.ActiveCfg = Production|Win32
		{F3973B0B-D2AB-4F7D-8E81-FE0DC7CDE27D}.Production|Win32.Build.0 = Production|Win32
		{F3973B0B-D2AB-4F7D-8E81-FE0DC7CDE27D}.Production|x64.ActiveCfg = Production|x64
		{F3973B0B-D2AB-4F7D-8E81-FE0DC7CDE27D}.Production|x64.Build.0 = Production|x64
		{F3973B0B-D2AB-4F7D-8E81-FE0DC7CDE27D}.Release|Win32.ActiveCfg = Release|Win32
		{F3973B0B-D2AB-4F7D-8E81-FE0DC7CDE27D}.Release|Win32.Build.0 = Release|Win32
		{F3973B0B-D2AB-4F7D-8E81-FE0DC7CDE27D}.Release|x64.ActiveCfg = Release|x64
		{F3973B0B-D2AB-4F7D-8E81-FE0DC7CDE27D}.Release|x64.Build.0 = Release|x64
		{F3973B0B-D2AB-4F7D-8E81-FE0DC7CDE27D}.Scons|Win32.ActiveCfg = Release|Win32
		{F3973B0B-D2AB-4F7D-8E81-FE0DC7CDE27D}.Scons|Win32.Build.0 = Release|Win32
		{F3973B0B-D2AB-4F7D-8E81-FE0DC7CDE27D}.Scons|x64.ActiveCfg = Release|x64
		{F3973B0B-D2AB-4F7D-8E81-FE0DC7CDE27D}.Scons|x64.Build.0 = Release|x64
		{175480CF-83DF-4510-801F-68824C1B9F70}.Debug|Win32.ActiveCfg = Debug|Win32
		{175480CF-83DF-4510-801F-68824C1B9F70}.Debug|Win32.Build.0 = Debug|Win32
		{175480CF-83DF-4510-801F-68824C1B9F70}.Debug|x64.ActiveCfg = Debug|x64
		{175480CF-83DF-4510-801F-68824C1B9F70}.Debug|x64.Build.0 = Debug|x64
		{175480CF-83DF-4510-801F-68824C1B9F70}.Production|Win32.ActiveCfg = Production|Win32
		{175480CF-83DF-4510-801F-68824C1B9F70}.Production|Win32.Build.0 = Production|Win32
		{175480CF-83DF-4510-801F-68824C1B9F70}.Production|x64.ActiveCfg = Production|x64
		{175480CF-83DF-4510-801F-68824C1B9F70}.Production|x64.Build.0 = Production|x64
		{175480CF-83DF-4510-801F-68824C1B9F70}.Release|Win32.ActiveCfg = Release|Win32
		{175480CF-83DF-4510-801F-68824C1B9F70}.Release|Win32.Build.0 = Release|Win32
		{175480CF-83DF-4510-801F-68824C1B9F70}.Release|x64.ActiveCfg = Release|x64
		{175480CF-83DF-4510-801F-68824C1B9F70}.Release|x64.Build.0 = Release|x64
		{175480CF-83DF-4510-801F-68824C1B9F70}.Scons|Win32.ActiveCfg = Release|Win32
		{175480CF-83DF-4510-801F-68824C1B9F70}.Scons|Win32.Build.0 = Release|Win32
		{175480CF-83DF-4510-801F-68824C1B9F70}.Scons|x64.ActiveCfg = Release|x64
		{175480CF-83DF-4510-801F-68824C1B9F70}.Scons|x64.Build.0 = Release|x64
		{4D8CBD5B-3BFF-4F91-B7FD-64F1BB832FF7}.Debug|Win32.ActiveCfg = Debug|Win32
		{4D8CBD5B-3BFF-4F91-B7FD-64F1BB832FF7}.Debug|Win32.Build.0 = Debug|Win32
		{4D8CBD5B-3BFF-4F91-B7FD-64F1BB832FF7}.Debug|x64.ActiveCfg = Debug|x64
		{4D8CBD5B-3BFF-4F91-B7FD-64F1BB832FF7}.Debug|x64.Build.0 = Debug|x64
		{4D8CBD5B-3BFF-4F91-B7FD-64F1BB832FF7}.Production|Win32.ActiveCfg = Production|Win32
		{4D8CBD5B-3BFF-4F91-B7FD-64F1BB832FF7}.Production|Win32.Build.0 = Production|Win32
		{4D8CBD5B-3BFF-4F91-B7FD-64F1BB832FF7}.Production|x64.ActiveCfg = Production|x64
		{4D8CBD5B-3BFF-4F91-B7FD-64F1BB832FF7}.Production|x64.Build.0 = Production|x64
		{4D8CBD5B-3BFF-4F91-B7FD-64F1BB832FF7}.Release|Win32.ActiveCfg = Release|Win32
		{4D8CBD5B-3BFF-4F91-B7FD-64F1BB832FF7}.Release|Win32.Build.0 = Release|Win32
		{4D8CBD5B-3BFF-4F91-B7FD-64F1BB832FF7}.Release|x64.ActiveCfg = Release|x64
		{4D8CBD5B-3BFF-4F91-B7FD-64F1BB832FF7}.Release|x64.Build.0 = Release|x64
		{4D8CBD5B-3BFF-4F91-B7FD-64F1BB832FF7}.Scons|Win32.ActiveCfg = Release|Win32
		{4D8CBD5B-3BFF-4F91-B7FD-64F1BB832FF7}.Scons|Win32.Build.0 = Release|Win32
		{4D8CBD5B-3BFF-4F91-B7FD-64F1BB832FF7}.Scons|x64.ActiveCfg = Release|x64
		{4D8CBD5B-3BFF-4F91-B7FD-64F1BB832FF7}.Scons|x64.Build.0 = Release|x64
		{787F598D-F96E-48F5-8075-25D31FC7ED60}.Debug|Win32.ActiveCfg = Debug|Win32
		{787F598D-F96E-48F5-8075-25D31FC7ED60}.Debug|Win32.Build.0 = Debug|Win32
		{787F598D-F96E-48F5-8075-25D31FC7ED60}.Debug|x64.ActiveCfg = Debug|x64
		{787F598D-F96E-48F5-8075-25D31FC7ED60}.Debug|x64.Build.0 = Debug|x64
		{787F598D-F96E-48F5-8075-25D31FC7ED60}.Production|Win32.ActiveCfg = Production|Win32
		{787F598D-F96E-48F5-8075-25D31FC7ED60}.Production|Win32.Build.0 = Production|Win32
		{787F598D-F96E-48F5-8075-25D31FC7ED60}.Production|x64.ActiveCfg = Production|x64
		{787F598D-F96E-48F5-8075-25D31FC7ED60}.Production|x64.Build.0 = Production|x64
		{787F598D-F96E-48F5-8075-25D31FC7ED60}.Release|Win32.ActiveCfg = Release|Win32
		{787F598D-F96E-48F5-8075-25D31FC7ED60}.Release|Win32.Build.0 = Release|Win32
		{787F598D-F96E-48F5-8075-25D31FC7ED60}.Release|x64.ActiveCfg = Release|x64
		{787F598D-F96E-48F5-8075-25D31FC7ED60}.Release|x64.Build.0 = Release|x64
		{787F598D-F96E-48F5-8075-25D31FC7ED60}.Scons|Win32.ActiveCfg = Release|Win32
		{787F598D-F96E-48F5-8075-25D31FC7ED60}.Scons|Win32.Build.0 = Release|Win32
		{787F598D-F96E-48F5-8075-25D31FC7ED60}.Scons|x64.ActiveCfg = Release|x64
		{787F598D-F96E-48F5-8075-25D31FC7ED60}.Scons|x64.Build.0 = Release|x64
		{DBE8E33A-7E70-402C-BCF6-D1EFEE93FA76}.Debug|Win32.ActiveCfg = Debug|Win32
		{DBE8E33A-7E70-402C-BCF6-D1EFEE93FA76}.Debug|Win32.Build.0 = Debug|Win32
		{DBE8E33A-7E70-402C-BCF6-D1EFEE93FA76}.Debug|x64.ActiveCfg = Debug|x64
		{DBE8E33A-7E70-402C-BCF6-D1EFEE93FA76}.Debug|x64.Build.0 = Debug|x64
		{DBE8E33A-7E70-402C-BCF6-D1EFEE93FA76}.Production|Win32.ActiveCfg = Production|Win32
		{DBE8E33A-7E70-402C-BCF6-D1EFEE93FA76}.Production|Win32.Build.0 = Production|Win32
		{DBE8E33A-7E70-402C-BCF6-D1EFEE93FA76}.Production|x64.ActiveCfg = Production|x64
		{DBE8E33A-7E70-402C-BCF6-D1EFEE93FA76}.Production|x64.Build.0 = Production|x64
		{DBE8E33A-7E70-402C-BCF6-D1EFEE93FA76}.Release|Win32.ActiveCfg = Release|Win32
		{DBE8E33A-7E70-402C-BCF6-D1EFEE93FA76}.Release|Win32.Build.0 = Release|Win32
		{DBE8E33A-7E70-402C-BCF6-D1EFEE93FA76}.Release|x64.ActiveCfg = Release|x64
		{DBE8E33A-7E70-402C-BCF6-D1EFEE93FA76}.Release|x64.Build.0 = Release|x64
		{DBE8E33A-7E70-402C-BCF6-D1EFEE93FA76}.Scons|Win32.ActiveCfg = Release|Win32
		{DBE8E33A-7E70-402C-BCF6-D1EFEE93FA76}.Scons|Win32.Build.0 = Release|Win32
		{DBE8E33A-7E70-402C-BCF6-D1EFEE93FA76}.Scons|x64.ActiveCfg = Release|x64
		{DBE8E33A-7E70-402C-BCF6-D1EFEE93FA76}.Scons|x64.Build.0 = Release|x64
		{C47C1FA4-409A-4300-905F-D4CC179BABC0}.Debug|Win32.ActiveCfg = Debug|Win32
		{C47C1FA4-409A-4300-905F-D4CC179BABC0}.Debug|Win32.Build.0 = Debug|Win32
		{C47C1FA4-409A-4300-905F-D4CC179BABC0}.Debug|x64.ActiveCfg = Debug|x64
		{C47C1FA4-409A-4300-905F-D4CC179BABC0}.Debug|x64.Build.0 = Debug|x64
		{C47C1FA4-409A-4300-905F-D4CC179BABC0}.Production|Win32.ActiveCfg = Production|Win32
		{C47C1FA4-409A-4300-905F-D4CC179BABC0}.Production|Win32.Build.0 = Production|Win32
		{C47C1FA4-409A-4300-905F-D4CC179BABC0}.Production|x64.ActiveCfg = Production|x64
		{C47C1FA4-409A-4300-905F-D4CC179BABC0}.Production|x64.Build.0 = Production|x64
		{C47C1FA4-409A-4300-905F-D4CC179BABC0}.Release|Win32.ActiveCfg = Release|Win32
		{C47C1FA4-409A-4300-905F-D4CC179BABC0}.Release|Win32.Build.0 = Release|Win32
		{C47C1FA4-409A-4300-905F-D4CC179BABC0}.Release|x64.ActiveCfg = Release|x64
		{C47C1FA4-409A-4300-905F-D4CC179BABC0}.Release|x64.Build.0 = Release|x64
		{C47C1FA4-409A-4300-905F-D4CC179BABC0}.Scons|Win32.ActiveCfg = Release|Win32
		{C47C1FA4-409A-4300-905F-D4CC179BABC0}.Scons|Win32.Build.0 = Release|Win32
		{C47C1FA4-409A-4300-905F-D4CC179BABC0}.Scons|x64.ActiveCfg = Release|x64
		{C47C1FA4-409A-4300-905F-D4CC179BABC0}.Scons|x64.Build.0 = Release|x64
		{EBD67762-3D8B-4F8A-8080-FC4D04013988}.Debug|Win32.ActiveCfg = Debug|Win32
		{EBD67762-3D8B-4F8A-8080-FC4D04013988}.Debug|Win32.Build.0 = Debug|Win32
		{EBD67762-3D8B-4F8A-8080-FC4D04013988}.Debug|x64.ActiveCfg = Debug|x64
		{EBD67762-3D8B-4F8A-8080-FC4D04013988}.Debug|x64.Build.0 = Debug|x64
		{EBD67762-3D8B-4F8A-8080-FC4D04013988}.Production|Win32.ActiveCfg = Production|Win32
		{EBD67762-3D8B-4F8A-8080-FC4D04013988}.Production|Win32.Build.0 = Production|Win32
		{EBD67762-3D8B-4F8A-8080-FC4D04013988}.Production|x64.ActiveCfg = Production|x64
		{EBD67762-3D8B-4F8A-8080-FC4D04013988}.Production|x64.Build.0 = Production|x64
		{EBD67762-3D8B-4F8A-8080-FC4D04013988}.Release|Win32.ActiveCfg = Release|Win32
		{EBD67762-3D8B-4F8A-8080-FC4D04013988}.Release|Win32.Build.0 = Release|Win32
		{EBD67762-3D8B-4F8A-8080-FC4D04013988}.Release|x64.ActiveCfg = Release|x64
		{EBD67762-3D8B-4F8A-8080-FC4D04013988}.Release|x64.Build.0 = Release|x64
		{EBD67762-3D8B-4F8A-8080-FC4D04013988}.Scons|Win32.ActiveCfg = Release|Win32
		{EBD67762-3D8B-4F8A-8080-FC4D04013988}.Scons|Win32.Build.0 = Release|Win32
		{EBD67762-3D8B-4F8A-8080-FC4D04013988}.Scons|x64.ActiveCfg = Release|x64
		{EBD67762-3D8B-4F8A-8080-FC4D04013988}.Scons|x64.Build.0 = Release|x64
		{F1597A26-9F2D-473A-827C-0CE8C758763D}.Debug|Win32.ActiveCfg = Debug|Win32
		{F1597A26-9F2D-473A-827C-0CE8C758763D}.Debug|Win32.Build.0 = Debug|Win32
		{F1597A26-9F2D-473A-827C-0CE8C758763D}.Debug|x64.ActiveCfg = Debug|x64
		{F1597A26-9F2D-473A-827C-0CE8C758763D}.Debug|x64.Build.0 = Debug|x64
		{F1597A26-9F2D-473A-827C-0CE8C758763D}.Production|Win32.ActiveCfg = Production|Win32
		{F1597A26-9F2D-473A-827C-0CE8C758763D}.Production|Win32.Build.0 = Production|Win32
		{F1597A26-9F2D-473A-827C-0CE8C758763D}.Production|x64.ActiveCfg = Production|x64
		{F1597A26-9F2D-473A-827C-0CE8C758763D}.Production|x64.Build.0 = Production|x64
		{F1597A26-9F2D-473A-827C-0CE8C758763D}.Release|Win32.ActiveCfg = Release|Win32
		{F1597A26-9F2D-473A-827C-0CE8C758763D}.Release|Win32.Build.0 = Release|Win32
		{F1597A26-9F2D-473A-827C-0CE8C758763D}.Release|x64.ActiveCfg = Release|x64
		{F1597A26-9F2D-473A-827C-0CE8C758763D}.Release|x64.Build.0 = Release|x64
		{F1597A26-9F2D-473A-827C-0CE8C758763D}.Scons|Win32.ActiveCfg = Release|Win32
		{F1597A26-9F2D-473A-827C-0CE8C758763D}.Scons|Win32.Build.0 = Release|Win32
		{F1597A26-9F2D-473A-827C-0CE8C758763D}.Scons|x64.ActiveCfg = Release|x64
		{F1597A26-9F2D-473A-827C-0CE8C758763D}.Scons|x64.Build.0 = Release|x64
		{FA3C580E-8E06-466A-8EB1-34BB2EFED4FA}.Debug|Win32.ActiveCfg = Debug|Win32
		{FA3C580E-8E06-466A-8EB1-34BB2EFED4FA}.Debug|Win32.Build.0 = Debug|Win32
		{FA3C580E-8E06-466A-8EB1-34BB2EFED4FA}.Debug|x64.ActiveCfg = Debug|x64
		{FA3C580E-8E06-466A-8EB1-34BB2EFED4FA}.Debug|x64.Build.0 = Debug|x64
		{FA3C580E-8E06-466A-8EB1-34BB2EFED4FA}.Production|Win32.ActiveCfg = Production|Win32
		{FA3C580E-8E06-466A-8EB1-34BB2EFED4FA}.Production|Win32.Build.0 = Production|Win32
		{FA3C580E-8E06-466A-8EB1-34BB2EFED4FA}.Production|x64.ActiveCfg = Production|x64
		{FA3C580E-8E06-466A-8EB1-34BB2EFED4FA}.Production|x64.Build.0 = Production|x64
		{FA3C580E-8E06-466A-8EB1-34BB2EFED4FA}.Release|Win32.ActiveCfg = Release|Win32
		{FA3C580E-8E06-466A-8EB1-34BB2EFED4FA}.Release|Win32.Build.0 = Release|Win32
		{FA3C580E-8E06-466A-8EB1-34BB2EFED4FA}.Release|x64.ActiveCfg = Release|x64
		{FA3C580E-8E06-466A-8EB1-34BB2EFED4FA}.Release|x64.Build.0 = Release|x64
		{FA3C580E-8E06-466A-8EB1-34BB2EFED4FA}.Scons|Win32.ActiveCfg = Release|Win32
		{FA3C580E-8E06-466A-8EB1-34BB2EFED4FA}.Scons|Win32.Build.0 = Release|Win32
		{FA3C580E-8E06-466A-8EB1-34BB2EFED4FA}.Scons|x64.ActiveCfg = Release|x64
		{FA3C580E-8E06-466A-8EB1-34BB2EFED4FA}.Scons|x64.Build.0 = Release|x64
		{FEB98436-B132-4E39-A774-8DBDE6CE12D6}.Debug|Win32.ActiveCfg = Debug|Win32
		{FEB98436-B132-4E39-A774-8DBDE6CE12D6}.Debug|Win32.Build.0 = Debug|Win32
		{FEB98436-B132-4E39-A774-8DBDE6CE12D6}.Debug|x64.ActiveCfg = Debug|x64
		{FEB98436-B132-4E39-A774-8DBDE6CE12D6}.Debug|x64.Build.0 = Debug|x64
		{FEB98436-B132-4E39-A774-8DBDE6CE12D6}.Production|Win32.ActiveCfg = Production|Win32
		{FEB98436-B132-4E39-A774-8DBDE6CE12D6}.Production|Win32.Build.0 = Production|Win32
		{FEB98436-B132-4E39-A774-8DBDE6CE12D6}.Production|x64.ActiveCfg = Production|x64
		{FEB98436-B132-4E39-A774-8DBDE6CE12D6}.Production|x64.Build.0 = Production|x64
		{FEB98436-B132-4E39-A774-8DBDE6CE12D6}.Release|Win32.ActiveCfg = Release|Win32
		{FEB98436-B132-4E39-A774-8DBDE6CE12D6}.Release|Win32.Build.0 = Release|Win32
		{FEB98436-B132-4E39-A774-8DBDE6CE12D6}.Release|x64.ActiveCfg = Release|x64
		{FEB98436-B132-4E39-A774-8DBDE6CE12D6}.Release|x64.Build.0 = Release|x64
		{FEB98436-B132-4E39-A774-8DBDE6CE12D6}.Scons|Win32.ActiveCfg = Release|Win32
		{FEB98436-B132-4E39-A774-8DBDE6CE12D6}.Scons|Win32.Build.0 = Release|Win32
		{FEB98436-B132-4E39-A774-8DBDE6CE12D6}.Scons|x64.ActiveCfg = Release|x64
		{FEB98436-B132-4E39-A774-8DBDE6CE12D6}.Scons|x64.Build.0 = Release|x64
		{34F0E1C6-C7FC-405F-9BF3-2CDBF6BBAAF7}.Debug|Win32.ActiveCfg = Debug|Win32
		{34F0E1C6-C7FC-405F-9BF3-2CDBF6BBAAF7}.Debug|Win32.Build.0 = Debug|Win32
		{34F0E1C6-C7FC-405F-9BF3-2CDBF6BBAAF7}.Debug|x64.ActiveCfg = Debug|x64
		{34F0E1C6-C7FC-405F-9BF3-2CDBF6BBAAF7}.Debug|x64.Build.0 = Debug|x64
		{34F0E1C6-C7FC-405F-9BF3-2CDBF6BBAAF7}.Production|Win32.ActiveCfg = Production|Win32
		{34F0E1C6-C7FC-405F-9BF3-2CDBF6BBAAF7}.Production|Win32.Build.0 = Production|Win32
		{34F0E1C6-C7FC-405F-9BF3-2CDBF6BBAAF7}.Production|x64.ActiveCfg = Production|x64
		{34F0E1C6-C7FC-405F-9BF3-2CDBF6BBAAF7}.Production|x64.Build.0 = Production|x64
		{34F0E1C6-C7FC-405F-9BF3-2CDBF6BBAAF7}.Release|Win32.ActiveCfg = Release|Win32
		{34F0E1C6-C7FC-405F-9BF3-2CDBF6BBAAF7}.Release|Win32.Build.0 = Release|Win32
		{34F0E1C6-C7FC-405F-9BF3-2CDBF6BBAAF7}.Release|x64.ActiveCfg = Release|x64
		{34F0E1C6-C7FC-405F-9BF3-2CDBF6BBAAF7}.Release|x64.Build.0 = Release|x64
		{34F0E1C6-C7FC-405F-9BF3-2CDBF6BBAAF7}.Scons|Win32.ActiveCfg = Release|Win32
		{34F0E1C6-C7FC-405F-9BF3-2CDBF6BBAAF7}.Scons|Win32.Build.0 = Release|Win32
		{34F0E1C6-C7FC-405F-9BF3-2CDBF6BBAAF7}.Scons|x64.ActiveCfg = Release|x64
		{34F0E1C6-C7FC-405F-9BF3-2CDBF6BBAAF7}.Scons|x64.Build.0 = Release|x64
		{B12CF952-9A77-4D6E-80A6-798699763451}.Debug|Win32.ActiveCfg = Debug|Win32
		{B12CF952-9A77-4D6E-80A6-798699763451}.Debug|Win32.Build.0 = Debug|Win32
		{B12CF952-9A77-4D6E-80A6-798699763451}.Debug|x64.ActiveCfg = Debug|x64
		{B12CF952-9A77-4D6E-80A6-798699763451}.Debug|x64.Build.0 = Debug|x64
		{B12CF952-9A77-4D6E-80A6-798699763451}.Production|Win32.ActiveCfg = Production|Win32
		{B12CF952-9A77-4D6E-80A6-798699763451}.Production|Win32.Build.0 = Production|Win32
		{B12CF952-9A77-4D6E-80A6-798699763451}.Production|x64.ActiveCfg = Production|x64
		{B12CF952-9A77-4D6E-80A6-798699763451}.Production|x64.Build.0 = Production|x64
		{B12CF952-9A77-4D6E-80A6-798699763451}.Release|Win32.ActiveCfg = Release|Win32
		{B12CF952-9A77-4D6E-80A6-798699763451}.Release|Win32.Build.0 = Release|Win32
		{B12CF952-9A77-4D6E-80A6-798699763451}.Release|x64.ActiveCfg = Release|x64
		{B12CF952-9A77-4D6E-80A6-798699763451}.Release|x64.Build.0 = Release|x64
		{B12CF952-9A77-4D6E-80A6-798699763451}.Scons|Win32.ActiveCfg = Release|Win32
		{B12CF952-9A77-4D6E-80A6-798699763451}.Scons|Win32.Build.0 = Release|Win32
		{B12CF952-9A77-4D6E-80A6-798699763451}.Scons|x64.ActiveCfg = Release|x64
		{B12CF952-9A77-4D6E-80A6-798699763451}.Scons|x64.Build.0 = Release|x64
		{FAD16D53-662C-47C1-9A7A-C0653D25C070}.Debug|Win32.ActiveCfg = Debug|Win32
		{FAD16D53-662C-47C1-9A7A-C0653D25C070}.Debug|Win32.Build.0 = Debug|Win32
		{FAD16D53-662C-47C1-9A7A-C0653D25C070}.Debug|x64.ActiveCfg = Debug|x64
		{FAD16D53-662C-47C1-9A7A-C0653D25C070}.Debug|x64.Build.0 = Debug|x64
		{FAD16D53-662C-47C1-9A7A-C0653D25C070}.Production|Win32.ActiveCfg = Production|Win32
		{FAD16D53-662C-47C1-9A7A-C0653D25C070}.Production|Win32.Build.0 = Production|Win32
		{FAD16D53-662C-47C1-9A7A-C0653D25C070}.Production|x64.ActiveCfg = Production|x64
		{FAD16D53-662C-47C1-9A7A-C0653D25C070}.Production|x64.Build.0 = Production|x64
		{FAD16D53-662C-47C1-9A7A-C0653D25C070}.Release|Win32.ActiveCfg = Release|Win32
		{FAD16D53-662C-47C1-9A7A-C0653D25C070}.Release|Win32.Build.0 = Release|Win32
		{FAD16D53-662C-47C1-9A7A-C0653D25C070}.Release|x64.ActiveCfg = Release|x64
		{FAD16D53-662C-47C1-9A7A-C0653D25C070}.Release|x64.Build.0 = Release|x64
		{FAD16D53-662C-47C1-9A7A-C0653D25C070}.Scons|Win32.ActiveCfg = Release|Win32
		{FAD16D53-662C-47C1-9A7A-C0653D25C070}.Scons|Win32.Build.0 = Release|Win32
		{FAD16D53-662C-47C1-9A7A-C0653D25C070}.Scons|x64.ActiveCfg = Release|x64
		{FAD16D53-662C-47C1-9A7A-C0653D25C070}.Scons|x64.Build.0 = Release|x64
		{D435E236-C996-4E7D-A4D6-DCDC20CC835D}.Debug|Win32.ActiveCfg = Debug|Win32
		{D435E236-C996-4E7D-A4D6-DCDC20CC835D}.Debug|Win32.Build.0 = Debug|Win32
		{D435E236-C996-4E7D-A4D6-DCDC20CC835D}.Debug|x64.ActiveCfg = Debug|x64
		{D435E236-C996-4E7D-A4D6-DCDC20CC835D}.Debug|x64.Build.0 = Debug|x64
		{D435E236-C996-4E7D-A4D6-DCDC20CC835D}.Production|Win32.ActiveCfg = Production|Win32
		{D435E236-C996-4E7D-A4D6-DCDC20CC835D}.Production|Win32.Build.0 = Production|Win32
		{D435E236-C996-4E7D-A4D6-DCDC20CC835D}.Production|x64.ActiveCfg = Production|x64
		{D435E236-C996-4E7D-A4D6-DCDC20CC835D}.Production|x64.Build.0 = Production|x64
		{D435E236-C996-4E7D-A4D6-DCDC20CC835D}.Release|Win32.ActiveCfg = Release|Win32
		{D435E236-C996-4E7D-A4D6-DCDC20CC835D}.Release|Win32.Build.0 = Release|Win32
		{D435E236-C996-4E7D-A4D6-DCDC20CC835D}.Release|x64.ActiveCfg = Release|x64
		{D435E236-C996-4E7D-A4D6-DCDC20CC835D}.Release|x64.Build.0 = Release|x64
		{D435E236-C996-4E7D-A4D6-DCDC20CC835D}.Scons|Win32.ActiveCfg = Release|Win32
		{D435E236-C996-4E7D-A4D6-DCDC20CC835D}.Scons|Win32.Build.0 = Release|Win32
		{D435E236-C996-4E7D-A4D6-DCDC20CC835D}.Scons|x64.ActiveCfg = Release|x64
		{D435E236-C996-4E7D-A4D6-DCDC20CC835D}.Scons|x64.Build.0 = Release|x64
	EndGlobalSection
	GlobalSection(SolutionProperties) = preSolution
		HideSolutionNode = FALSE
	EndGlobalSection
	GlobalSection(NestedProjects) = preSolution
		{F5630AC8-F0C7-4B26-A2C0-BECCBD633B97} = {3A1CECD3-9F23-4225-B640-5BA5EC8AF8E8}
		{B1397FE7-B02A-4689-8F19-719BF0E70E7C} = {B8833CAA-9607-4563-B9D0-4236DF19B428}
		{35D4371C-B7A6-4FC4-ABA3-0BE750125CE3} = {2E623C03-CFF7-4D71-95F8-F46DEFEB1EF1}
		{767A1157-B18F-478E-B580-F6F624F9282A} = {2E623C03-CFF7-4D71-95F8-F46DEFEB1EF1}
		{B45F9232-8734-48EA-AC16-29F41866D676} = {B8833CAA-9607-4563-B9D0-4236DF19B428}
		{0657486A-FE2E-454E-8AA2-750EAFB0FAF2} = {B8833CAA-9607-4563-B9D0-4236DF19B428}
		{172480CF-88DA-4510-801F-68884B1B9070} = {7C1A603E-AC96-42B7-A35A-8878C8C9E0C8}
		{CA0735F3-8CE7-4663-BFE5-96FEF5EA0880} = {B8833CAA-9607-4563-B9D0-4236DF19B428}
		{E19019F5-9C2C-4329-AAB5-DB28E39CC0F2} = {B8833CAA-9607-4563-B9D0-4236DF19B428}
		{A0359E52-6512-4C5C-916B-F70B35E49242} = {B8833CAA-9607-4563-B9D0-4236DF19B428}
		{172480CF-88DA-4510-801F-68884C1B9F70} = {7C1A603E-AC96-42B7-A35A-8878C8C9E0C8}
		{4AC67C2F-24E2-46E1-98B5-049B819EE958} = {2E623C03-CFF7-4D71-95F8-F46DEFEB1EF1}
		{B45F9232-8734-47EA-AC16-29F418D6D676} = {2E623C03-CFF7-4D71-95F8-F46DEFEB1EF1}
		{767A1057-B18F-478E-B480-F6F624F9282A} = {2E623C03-CFF7-4D71-95F8-F46DEFEB1EF1}
		{3E095F86-7C87-4C15-806C-8DFB596BD948} = {7C1A603E-AC96-42B7-A35A-8878C8C9E0C8}
		{FAE35CEC-66E1-4C73-BC88-1A001610440A} = {B8833CAA-9607-4563-B9D0-4236DF19B428}
		{C26BF2C8-D6C3-441A-83AA-9BA656CDF41C} = {BFA616BA-20B4-4210-A078-840A6BBC6F62}
		{3A62CE69-835E-4D16-86C2-5326625A18BC} = {2E623C03-CFF7-4D71-95F8-F46DEFEB1EF1}
		{BFA616BA-20B4-4210-A078-840A6BBC6F62} = {2E623C03-CFF7-4D71-95F8-F46DEFEB1EF1}
		{F3973B0B-D2AB-4F7D-8E81-FE0DC7CDE27D} = {7C1A603E-AC96-42B7-A35A-8878C8C9E0C8}
		{175480CF-83DF-4510-801F-68824C1B9F70} = {B8833CAA-9607-4563-B9D0-4236DF19B428}
		{4D8CBD5B-3BFF-4F91-B7FD-64F1BB832FF7} = {7C1A603E-AC96-42B7-A35A-8878C8C9E0C8}
		{787F598D-F96E-48F5-8075-25D31FC7ED60} = {2E623C03-CFF7-4D71-95F8-F46DEFEB1EF1}
		{DBE8E33A-7E70-402C-BCF6-D1EFEE93FA76} = {BFA616BA-20B4-4210-A078-840A6BBC6F62}
		{C47C1FA4-409A-4300-905F-D4CC179BABC0} = {3A1CECD3-9F23-4225-B640-5BA5EC8AF8E8}
		{EBD67762-3D8B-4F8A-8080-FC4D04013988} = {3A1CECD3-9F23-4225-B640-5BA5EC8AF8E8}
		{F1597A26-9F2D-473A-827C-0CE8C758763D} = {2E623C03-CFF7-4D71-95F8-F46DEFEB1EF1}
		{FA3C580E-8E06-466A-8EB1-34BB2EFED4FA} = {B8833CAA-9607-4563-B9D0-4236DF19B428}
		{FEB98436-B132-4E39-A774-8DBDE6CE12D6} = {7C1A603E-AC96-42B7-A35A-8878C8C9E0C8}
		{34F0E1C6-C7FC-405F-9BF3-2CDBF6BBAAF7} = {7C1A603E-AC96-42B7-A35A-8878C8C9E0C8}
		{B12CF952-9A77-4D6E-80A6-798699763451} = {B8833CAA-9607-4563-B9D0-4236DF19B428}
		{FAD16D53-662C-47C1-9A7A-C0653D25C070} = {7C1A603E-AC96-42B7-A35A-8878C8C9E0C8}
		{D435E236-C996-4E7D-A4D6-DCDC20CC835D} = {B8833CAA-9607-4563-B9D0-4236DF19B428}
	EndGlobalSection
EndGlobal
