<?xml version="1.0" encoding="utf-8"?>
<Project ToolsVersion="4.0" xmlns="http://schemas.microsoft.com/developer/msbuild/2003">
  <ItemGroup>
    <Filter Include="Diagnostic">
      <UniqueIdentifier>{4f92cab6-8959-4472-b202-cdddb7974491}</UniqueIdentifier>
    </Filter>
    <Filter Include="Containers">
      <UniqueIdentifier>{2a61faa7-b0e9-4c87-9d0c-105e3ac11128}</UniqueIdentifier>
    </Filter>
    <Filter Include="Memory">
      <UniqueIdentifier>{40e36b12-ea6e-4543-9769-dfa453f9f6c3}</UniqueIdentifier>
    </Filter>
    <Filter Include="Utility">
      <UniqueIdentifier>{7e224da2-21ad-40c5-9bd3-fd30f898394e}</UniqueIdentifier>
    </Filter>
    <Filter Include="StlBinding">
      <UniqueIdentifier>{5b291295-5419-4072-b744-0996b235c5a3}</UniqueIdentifier>
    </Filter>
    <Filter Include="Regex">
      <UniqueIdentifier>{63b08720-f787-4a8f-b71b-6f169a6b3929}</UniqueIdentifier>
    </Filter>
    <Filter Include="String">
      <UniqueIdentifier>{49f3fcb1-b426-4b78-8394-4debd4b46cf4}</UniqueIdentifier>
    </Filter>
    <Filter Include="Lexer">
      <UniqueIdentifier>{fc2ab41e-68ba-4eb9-833d-9322fb4d59c0}</UniqueIdentifier>
    </Filter>
    <Filter Include="Platform">
      <UniqueIdentifier>{76fc84f6-bb36-4ca0-a09d-c1bb3ffb4fb2}</UniqueIdentifier>
    </Filter>
    <Filter Include="Math">
      <UniqueIdentifier>{2db829ca-7d98-4eb7-af45-f44433195379}</UniqueIdentifier>
    </Filter>
  </ItemGroup>
  <ItemGroup>
    <ClCompile Include="Diagnostic\Diagnostic.cpp">
      <Filter>Diagnostic</Filter>
    </ClCompile>
    <ClCompile Include="Memory\Block.cpp">
      <Filter>Memory</Filter>
    </ClCompile>
    <ClCompile Include="Memory\Graph.cpp">
      <Filter>Memory</Filter>
    </ClCompile>
    <ClCompile Include="Memory\Heap.cpp">
      <Filter>Memory</Filter>
    </ClCompile>
    <ClCompile Include="Memory\Pool.cpp">
      <Filter>Memory</Filter>
    </ClCompile>
    <ClCompile Include="Memory\Stack.cpp">
      <Filter>Memory</Filter>
    </ClCompile>
    <ClCompile Include="Utility\Misc.cpp">
      <Filter>Utility</Filter>
    </ClCompile>
    <ClCompile Include="Containers\ByteBuffer.cpp">
      <Filter>Containers</Filter>
    </ClCompile>
    <ClCompile Include="String\String.cpp">
      <Filter>String</Filter>
    </ClCompile>
    <ClCompile Include="String\StringBuilder.cpp">
      <Filter>String</Filter>
    </ClCompile>
    <ClCompile Include="String\StringConversion.cpp">
      <Filter>String</Filter>
    </ClCompile>
    <ClCompile Include="String\ToString.cpp">
      <Filter>String</Filter>
    </ClCompile>
    <ClCompile Include="Diagnostic\Console.cpp">
      <Filter>Diagnostic</Filter>
    </ClCompile>
    <ClCompile Include="String\StringUtility.cpp">
      <Filter>String</Filter>
    </ClCompile>
    <ClCompile Include="Regex\RegexNo.cpp">
      <Filter>Regex</Filter>
    </ClCompile>
    <ClCompile Include="String\CharacterTraits.cpp">
      <Filter>String</Filter>
    </ClCompile>
    <ClCompile Include="Time.cpp" />
    <ClCompile Include="Regex\Regex.cpp">
      <Filter>Regex</Filter>
    </ClCompile>
    <ClCompile Include="String\StringRange.cpp">
      <Filter>String</Filter>
    </ClCompile>
    <ClCompile Include="Containers\BitStream.cpp">
      <Filter>Containers</Filter>
    </ClCompile>
    <ClCompile Include="Precompiled.cpp" />
    <ClCompile Include="Lexer\Lexer.cpp">
      <Filter>Lexer</Filter>
    </ClCompile>
    <ClCompile Include="Utility\Status.cpp">
      <Filter>Utility</Filter>
    </ClCompile>
    <ClCompile Include="Utility\Functor.cpp">
      <Filter>Utility</Filter>
    </ClCompile>
    <ClCompile Include="Utility\HalfFloat.cpp">
      <Filter>Utility</Filter>
    </ClCompile>
    <ClCompile Include="Utility\Callback.cpp">
      <Filter>Utility</Filter>
    </ClCompile>
    <ClCompile Include="String\Rune.cpp">
      <Filter>String</Filter>
    </ClCompile>
    <ClCompile Include="$(N3DS_SOURCE)/StandardLibraries/TimeNP1.cpp" />
    <ClCompile Include="$(N3DS_SOURCE)\StandardLibraries\AtomicNP1.cpp" />
    <ClCompile Include="Guid.cpp">
      <Filter>Utility</Filter>
    </ClCompile>
    <ClCompile Include="CommonStandard.cpp" />
    <ClCompile Include="Utility\Variant.cpp">
      <Filter>Utility</Filter>
    </ClCompile>
    <ClCompile Include="Utility\Determinism.cpp">
      <Filter>Utility</Filter>
    </ClCompile>
    <ClCompile Include="Utility\SpinLock.cpp">
      <Filter>Utility</Filter>
    </ClCompile>
    <ClCompile Include="Platform\File.cpp">
      <Filter>Platform</Filter>
    </ClCompile>
    <ClCompile Include="Platform\FileEvents.cpp">
      <Filter>Platform</Filter>
    </ClCompile>
    <ClCompile Include="Platform\FilePath.cpp">
      <Filter>Platform</Filter>
    </ClCompile>
    <ClCompile Include="Platform\FileSystem.cpp">
      <Filter>Platform</Filter>
    </ClCompile>
    <ClCompile Include="Platform\IpAddress.cpp">
      <Filter>Platform</Filter>
    </ClCompile>
    <ClCompile Include="Platform\Process.cpp">
      <Filter>Platform</Filter>
    </ClCompile>
    <ClCompile Include="Platform\UnicodeUtility.cpp">
      <Filter>Platform</Filter>
    </ClCompile>
    <ClCompile Include="Platform\Shell.cpp">
      <Filter>Platform</Filter>
    </ClCompile>
    <ClCompile Include="Utility\Image.cpp">
      <Filter>Utility</Filter>
    </ClCompile>
    <ClCompile Include="Math\BlockVector3.cpp">
      <Filter>Math</Filter>
    </ClCompile>
    <ClCompile Include="Math\BoolVector2.cpp">
      <Filter>Math</Filter>
    </ClCompile>
    <ClCompile Include="Math\BoolVector3.cpp">
      <Filter>Math</Filter>
    </ClCompile>
    <ClCompile Include="Math\BoolVector4.cpp">
      <Filter>Math</Filter>
    </ClCompile>
    <ClCompile Include="Math\Curve.cpp">
      <Filter>Math</Filter>
    </ClCompile>
    <ClCompile Include="Math\DecomposedMatrix4.cpp">
      <Filter>Math</Filter>
    </ClCompile>
    <ClCompile Include="Math\EulerAngles.cpp">
      <Filter>Math</Filter>
    </ClCompile>
    <ClCompile Include="Math\EulerOrder.cpp">
      <Filter>Math</Filter>
    </ClCompile>
    <ClCompile Include="Math\ExtendableMath.cpp">
      <Filter>Math</Filter>
    </ClCompile>
    <ClCompile Include="Math\IntVector2.cpp">
      <Filter>Math</Filter>
    </ClCompile>
    <ClCompile Include="Math\IntVector3.cpp">
      <Filter>Math</Filter>
    </ClCompile>
    <ClCompile Include="Math\IntVector4.cpp">
      <Filter>Math</Filter>
    </ClCompile>
    <ClCompile Include="Math\Math.cpp">
      <Filter>Math</Filter>
    </ClCompile>
    <ClCompile Include="Math\Matrix2.cpp">
      <Filter>Math</Filter>
    </ClCompile>
    <ClCompile Include="Math\Matrix3.cpp">
      <Filter>Math</Filter>
    </ClCompile>
    <ClCompile Include="Math\Matrix4.cpp">
      <Filter>Math</Filter>
    </ClCompile>
    <ClCompile Include="Math\Numerical.cpp">
      <Filter>Math</Filter>
    </ClCompile>
    <ClCompile Include="Math\Quaternion.cpp">
      <Filter>Math</Filter>
    </ClCompile>
    <ClCompile Include="Math\Random.cpp">
      <Filter>Math</Filter>
    </ClCompile>
    <ClCompile Include="Math\Reals.cpp">
      <Filter>Math</Filter>
    </ClCompile>
    <ClCompile Include="Math\Vector2.cpp">
      <Filter>Math</Filter>
    </ClCompile>
    <ClCompile Include="Math\Vector3.cpp">
      <Filter>Math</Filter>
    </ClCompile>
    <ClCompile Include="Math\Vector4.cpp">
      <Filter>Math</Filter>
    </ClCompile>
    <ClCompile Include="Math\MathToString.cpp">
      <Filter>Math</Filter>
    </ClCompile>
    <ClCompile Include="Platform\Intrinsics.cpp">
      <Filter>Platform</Filter>
    </ClCompile>
    <ClCompile Include="Utility\Web.cpp">
      <Filter>Utility</Filter>
    </ClCompile>
    <ClCompile Include="Platform\Renderer.cpp">
      <Filter>Platform</Filter>
    </ClCompile>
    <ClCompile Include="Utility\ForEachRange.cpp" />
    <ClCompile Include="Utility\NativeType.cpp" />
    <ClCompile Include="Platform\Utilities.cpp">
      <Filter>Platform</Filter>
    </ClCompile>
    <ClCompile Include="Main.cpp">
      <Filter>Platform</Filter>
    </ClCompile>
    <ClCompile Include="Platform\DirectoryWatcher.cpp">
      <Filter>Platform</Filter>
    </ClCompile>
    <ClCompile Include="Platform\Thread.cpp">
      <Filter>Platform</Filter>
    </ClCompile>
  </ItemGroup>
  <ItemGroup>
    <ClInclude Include="Diagnostic\Diagnostic.hpp">
      <Filter>Diagnostic</Filter>
    </ClInclude>
    <ClInclude Include="Containers\Algorithm.hpp">
      <Filter>Containers</Filter>
    </ClInclude>
    <ClInclude Include="Containers\Allocator.hpp">
      <Filter>Containers</Filter>
    </ClInclude>
    <ClInclude Include="Containers\Array.hpp">
      <Filter>Containers</Filter>
    </ClInclude>
    <ClInclude Include="Containers\ContainerCommon.hpp">
      <Filter>Containers</Filter>
    </ClInclude>
    <ClInclude Include="Containers\Hashing.hpp">
      <Filter>Containers</Filter>
    </ClInclude>
    <ClInclude Include="Containers\HashMap.hpp">
      <Filter>Containers</Filter>
    </ClInclude>
    <ClInclude Include="Containers\HashSet.hpp">
      <Filter>Containers</Filter>
    </ClInclude>
    <ClInclude Include="Containers\InList.hpp">
      <Filter>Containers</Filter>
    </ClInclude>
    <ClInclude Include="Containers\Precompiled.hpp">
      <Filter>Containers</Filter>
    </ClInclude>
    <ClInclude Include="Containers\SlotMap.hpp">
      <Filter>Containers</Filter>
    </ClInclude>
    <ClInclude Include="Containers\TypeTraits.hpp">
      <Filter>Containers</Filter>
    </ClInclude>
    <ClInclude Include="Memory\Block.hpp">
      <Filter>Memory</Filter>
    </ClInclude>
    <ClInclude Include="Memory\Graph.hpp">
      <Filter>Memory</Filter>
    </ClInclude>
    <ClInclude Include="Memory\Heap.hpp">
      <Filter>Memory</Filter>
    </ClInclude>
    <ClInclude Include="Memory\Pool.hpp">
      <Filter>Memory</Filter>
    </ClInclude>
    <ClInclude Include="Memory\Stack.hpp">
      <Filter>Memory</Filter>
    </ClInclude>
    <ClInclude Include="Memory\ZeroAllocator.hpp">
      <Filter>Memory</Filter>
    </ClInclude>
    <ClInclude Include="Utility\EnumDeclaration.hpp">
      <Filter>Utility</Filter>
    </ClInclude>
    <ClInclude Include="Utility\ForEachRange.hpp">
      <Filter>Utility</Filter>
    </ClInclude>
    <ClInclude Include="Utility\Misc.hpp">
      <Filter>Utility</Filter>
    </ClInclude>
    <ClInclude Include="Utility\Standard.hpp">
      <Filter>Utility</Filter>
    </ClInclude>
    <ClInclude Include="Utility\Typedefs.hpp">
      <Filter>Utility</Filter>
    </ClInclude>
    <ClInclude Include="StlBinding\Array.hpp">
      <Filter>StlBinding</Filter>
    </ClInclude>
    <ClInclude Include="StlBinding\Associative.hpp">
      <Filter>StlBinding</Filter>
    </ClInclude>
    <ClInclude Include="StlBinding\String.hpp">
      <Filter>StlBinding</Filter>
    </ClInclude>
    <ClInclude Include="Containers\UnsortedMap.hpp">
      <Filter>Containers</Filter>
    </ClInclude>
    <ClInclude Include="Utility\ConditionalRange.hpp">
      <Filter>Utility</Filter>
    </ClInclude>
    <ClInclude Include="Regex\Regex.hpp">
      <Filter>Regex</Filter>
    </ClInclude>
    <ClInclude Include="Memory\Memory.hpp">
      <Filter>Memory</Filter>
    </ClInclude>
    <ClInclude Include="Utility\Status.hpp">
      <Filter>Utility</Filter>
    </ClInclude>
    <ClInclude Include="Containers\ByteBuffer.hpp">
      <Filter>Containers</Filter>
    </ClInclude>
    <ClInclude Include="String\FixedString.hpp">
      <Filter>String</Filter>
    </ClInclude>
    <ClInclude Include="String\String.hpp">
      <Filter>String</Filter>
    </ClInclude>
    <ClInclude Include="String\StringBuilder.hpp">
      <Filter>String</Filter>
    </ClInclude>
    <ClInclude Include="String\StringConversion.hpp">
      <Filter>String</Filter>
    </ClInclude>
    <ClInclude Include="String\ToString.hpp">
      <Filter>String</Filter>
    </ClInclude>
    <ClInclude Include="Diagnostic\Console.hpp">
      <Filter>Diagnostic</Filter>
    </ClInclude>
    <ClInclude Include="Memory\LocalStackAllocator.hpp">
      <Filter>Memory</Filter>
    </ClInclude>
    <ClInclude Include="Containers\BlockArray.hpp">
      <Filter>Containers</Filter>
    </ClInclude>
    <ClInclude Include="Containers\CyclicArray.hpp">
      <Filter>Containers</Filter>
    </ClInclude>
    <ClInclude Include="Containers\OwnedArray.hpp">
      <Filter>Containers</Filter>
    </ClInclude>
    <ClInclude Include="Utility\UniquePointer.hpp">
      <Filter>Utility</Filter>
    </ClInclude>
    <ClInclude Include="String\StringUtility.hpp">
      <Filter>String</Filter>
    </ClInclude>
    <ClInclude Include="String\CharacterTraits.hpp">
      <Filter>String</Filter>
    </ClInclude>
    <ClInclude Include="Utility\BitField.hpp">
      <Filter>Utility</Filter>
    </ClInclude>
    <ClInclude Include="Time.hpp" />
    <ClInclude Include="Utility\BitMath.hpp">
      <Filter>Utility</Filter>
    </ClInclude>
    <ClInclude Include="Utility\BitTypes.hpp">
      <Filter>Utility</Filter>
    </ClInclude>
    <ClInclude Include="Utility\Log2.hpp">
      <Filter>Utility</Filter>
    </ClInclude>
    <ClInclude Include="String\StringRange.hpp">
      <Filter>String</Filter>
    </ClInclude>
    <ClInclude Include="Containers\ArrayMap.hpp">
      <Filter>Containers</Filter>
    </ClInclude>
    <ClInclude Include="Containers\ArraySet.hpp">
      <Filter>Containers</Filter>
    </ClInclude>
    <ClInclude Include="Containers\SortedArray.hpp">
      <Filter>Containers</Filter>
    </ClInclude>
    <ClInclude Include="Utility\Guid.hpp">
      <Filter>Utility</Filter>
    </ClInclude>
    <ClInclude Include="Containers\BitStream.hpp">
      <Filter>Containers</Filter>
    </ClInclude>
    <ClInclude Include="Utility\IdStore.hpp">
      <Filter>Utility</Filter>
    </ClInclude>
    <ClInclude Include="Utility\IdSequence.hpp">
      <Filter>Utility</Filter>
    </ClInclude>
    <ClInclude Include="Utility\ItemCache.hpp">
      <Filter>Utility</Filter>
    </ClInclude>
    <ClInclude Include="Precompiled.hpp" />
    <ClInclude Include="CommonStandard.hpp" />
    <ClInclude Include="Utility\MaxSizeof.hpp" />
    <ClInclude Include="VirtualAny.hpp">
      <Filter>Utility</Filter>
    </ClInclude>
    <ClInclude Include="Lexer\Lexer.hpp">
      <Filter>Lexer</Filter>
    </ClInclude>
    <ClInclude Include="Utility\Functor.hpp">
      <Filter>Utility</Filter>
    </ClInclude>
    <ClInclude Include="Containers\HashedContainer.hpp">
      <Filter>Containers</Filter>
    </ClInclude>
    <ClInclude Include="String\Rune.hpp">
      <Filter>String</Filter>
    </ClInclude>
    <ClInclude Include="Containers\HashedContainer.hpp">
      <Filter>Containers</Filter>
    </ClInclude>
    <ClInclude Include="String\Rune.hpp">
      <Filter>String</Filter>
    </ClInclude>
    <ClInclude Include="Containers\HashedContainer.hpp">
      <Filter>Containers</Filter>
    </ClInclude>
    <ClInclude Include="String\Rune.hpp">
      <Filter>String</Filter>
    </ClInclude>
    <ClInclude Include="Containers\OrderedHashMap.hpp">
      <Filter>Containers</Filter>
    </ClInclude>
    <ClInclude Include="Utility\HalfFloat.hpp">
      <Filter>Utility</Filter>
    </ClInclude>
    <ClInclude Include="Utility\Functor.hpp">
      <Filter>Utility</Filter>
    </ClInclude>
    <ClInclude Include="Utility\Callback.hpp">
      <Filter>Utility</Filter>
    </ClInclude>
    <ClInclude Include="Containers\OrderedHashSet.hpp" />
    <ClInclude Include="Utility\Variant.hpp">
      <Filter>Utility</Filter>
    </ClInclude>
    <ClInclude Include="Utility\ByteEnum.hpp">
      <Filter>Utility</Filter>
    </ClInclude>
    <ClInclude Include="Utility\NativeType.hpp">
      <Filter>Utility</Filter>
    </ClInclude>
    <ClInclude Include="Singleton.hpp" />
    <ClInclude Include="Utility\VariantConfig.hpp">
      <Filter>Utility</Filter>
    </ClInclude>
    <ClInclude Include="Utility\PointerCast.hpp">
      <Filter>Utility</Filter>
    </ClInclude>
    <ClInclude Include="Utility\Determinism.hpp">
      <Filter>Utility</Filter>
    </ClInclude>
    <ClInclude Include="Utility\SpinLock.hpp">
      <Filter>Utility</Filter>
    </ClInclude>
    <ClInclude Include="Platform\CrashHandler.hpp">
      <Filter>Platform</Filter>
    </ClInclude>
    <ClInclude Include="Platform\Debug.hpp">
      <Filter>Platform</Filter>
    </ClInclude>
    <ClInclude Include="Platform\DebugSymbolInformation.hpp">
      <Filter>Platform</Filter>
    </ClInclude>
    <ClInclude Include="Platform\DirectoryWatcher.hpp">
      <Filter>Platform</Filter>
    </ClInclude>
    <ClInclude Include="Platform\ExternalLibrary.hpp">
      <Filter>Platform</Filter>
    </ClInclude>
    <ClInclude Include="Platform\File.hpp">
      <Filter>Platform</Filter>
    </ClInclude>
    <ClInclude Include="Platform\FileEvents.hpp">
      <Filter>Platform</Filter>
    </ClInclude>
    <ClInclude Include="Platform\FilePath.hpp">
      <Filter>Platform</Filter>
    </ClInclude>
    <ClInclude Include="Platform\FileSystem.hpp">
      <Filter>Platform</Filter>
    </ClInclude>
    <ClInclude Include="Platform\FpControl.hpp">
      <Filter>Platform</Filter>
    </ClInclude>
    <ClInclude Include="Platform\IpAddress.hpp">
      <Filter>Platform</Filter>
    </ClInclude>
    <ClInclude Include="Platform\Lock.hpp">
      <Filter>Platform</Filter>
    </ClInclude>
    <ClInclude Include="Platform\OsHandle.hpp">
      <Filter>Platform</Filter>
    </ClInclude>
    <ClInclude Include="Platform\Peripherals.hpp">
      <Filter>Platform</Filter>
    </ClInclude>
    <ClInclude Include="Platform\PlatformStandard.hpp">
      <Filter>Platform</Filter>
    </ClInclude>
    <ClInclude Include="Platform\PrivateImplementation.hpp">
      <Filter>Platform</Filter>
    </ClInclude>
    <ClInclude Include="Platform\Process.hpp">
      <Filter>Platform</Filter>
    </ClInclude>
    <ClInclude Include="Platform\Registry.hpp">
      <Filter>Platform</Filter>
    </ClInclude>
    <ClInclude Include="Platform\Resolution.hpp">
      <Filter>Platform</Filter>
    </ClInclude>
    <ClInclude Include="Platform\Socket.hpp">
      <Filter>Platform</Filter>
    </ClInclude>
    <ClInclude Include="Platform\SocketConstants.hpp">
      <Filter>Platform</Filter>
    </ClInclude>
    <ClInclude Include="Platform\SocketEnums.hpp">
      <Filter>Platform</Filter>
    </ClInclude>
    <ClInclude Include="Platform\Thread.hpp">
      <Filter>Platform</Filter>
    </ClInclude>
    <ClInclude Include="Platform\ThreadSync.hpp">
      <Filter>Platform</Filter>
    </ClInclude>
    <ClInclude Include="Platform\Timer.hpp">
      <Filter>Platform</Filter>
    </ClInclude>
    <ClInclude Include="Platform\TimerBlock.hpp">
      <Filter>Platform</Filter>
    </ClInclude>
    <ClInclude Include="Platform\UnicodeUtility.hpp">
      <Filter>Platform</Filter>
    </ClInclude>
    <ClInclude Include="Platform\Utilities.hpp">
      <Filter>Platform</Filter>
    </ClInclude>
    <ClInclude Include="Platform\ExecutableResource.hpp">
      <Filter>Platform</Filter>
    </ClInclude>
    <ClInclude Include="Platform\Shell.hpp">
      <Filter>Platform</Filter>
    </ClInclude>
    <ClInclude Include="Utility\Image.hpp">
      <Filter>Utility</Filter>
    </ClInclude>
    <ClInclude Include="Math\BlockVector3.hpp">
      <Filter>Math</Filter>
    </ClInclude>
    <ClInclude Include="Math\BoolVector2.hpp">
      <Filter>Math</Filter>
    </ClInclude>
    <ClInclude Include="Math\BoolVector3.hpp">
      <Filter>Math</Filter>
    </ClInclude>
    <ClInclude Include="Math\BoolVector4.hpp">
      <Filter>Math</Filter>
    </ClInclude>
    <ClInclude Include="Math\ByteColor.hpp">
      <Filter>Math</Filter>
    </ClInclude>
    <ClInclude Include="Math\ColorDefinitions.hpp">
      <Filter>Math</Filter>
    </ClInclude>
    <ClInclude Include="Math\ConjugateGradient.hpp">
      <Filter>Math</Filter>
    </ClInclude>
    <ClInclude Include="Math\Curve.hpp">
      <Filter>Math</Filter>
    </ClInclude>
    <ClInclude Include="Math\DecomposedMatrix4.hpp">
      <Filter>Math</Filter>
    </ClInclude>
    <ClInclude Include="Math\ErrorCallbacks.hpp">
      <Filter>Math</Filter>
    </ClInclude>
    <ClInclude Include="Math\EulerAngles.hpp">
      <Filter>Math</Filter>
    </ClInclude>
    <ClInclude Include="Math\EulerOrder.hpp">
      <Filter>Math</Filter>
    </ClInclude>
    <ClInclude Include="Math\ExtendableMath.hpp">
      <Filter>Math</Filter>
    </ClInclude>
    <ClInclude Include="Math\GaussSeidelSolver.hpp">
      <Filter>Math</Filter>
    </ClInclude>
    <ClInclude Include="Math\GenericVector.hpp">
      <Filter>Math</Filter>
    </ClInclude>
    <ClInclude Include="Math\IndexPolicies.hpp">
      <Filter>Math</Filter>
    </ClInclude>
    <ClInclude Include="Math\IntVector2.hpp">
      <Filter>Math</Filter>
    </ClInclude>
    <ClInclude Include="Math\IntVector3.hpp">
      <Filter>Math</Filter>
    </ClInclude>
    <ClInclude Include="Math\IntVector4.hpp">
      <Filter>Math</Filter>
    </ClInclude>
    <ClInclude Include="Math\JacobiSolver.hpp">
      <Filter>Math</Filter>
    </ClInclude>
    <ClInclude Include="Math\Math.hpp">
      <Filter>Math</Filter>
    </ClInclude>
    <ClInclude Include="Math\MathImports.hpp">
      <Filter>Math</Filter>
    </ClInclude>
    <ClInclude Include="Math\Matrix2.hpp">
      <Filter>Math</Filter>
    </ClInclude>
    <ClInclude Include="Math\Matrix3.hpp">
      <Filter>Math</Filter>
    </ClInclude>
    <ClInclude Include="Math\Matrix4.hpp">
      <Filter>Math</Filter>
    </ClInclude>
    <ClInclude Include="Math\MatrixStorage.hpp">
      <Filter>Math</Filter>
    </ClInclude>
    <ClInclude Include="Math\Numerical.hpp">
      <Filter>Math</Filter>
    </ClInclude>
    <ClInclude Include="Math\Quaternion.hpp">
      <Filter>Math</Filter>
    </ClInclude>
    <ClInclude Include="Math\Random.hpp">
      <Filter>Math</Filter>
    </ClInclude>
    <ClInclude Include="Math\Reals.hpp">
      <Filter>Math</Filter>
    </ClInclude>
    <ClInclude Include="Math\SharedVectorFunctions.hpp">
      <Filter>Math</Filter>
    </ClInclude>
    <ClInclude Include="Math\SimConversion.hpp">
      <Filter>Math</Filter>
    </ClInclude>
    <ClInclude Include="Math\SimMath.hpp">
      <Filter>Math</Filter>
    </ClInclude>
    <ClInclude Include="Math\SimMatrix3.hpp">
      <Filter>Math</Filter>
    </ClInclude>
    <ClInclude Include="Math\SimMatrix4.hpp">
      <Filter>Math</Filter>
    </ClInclude>
    <ClInclude Include="Math\SimpleCgPolicies.hpp">
      <Filter>Math</Filter>
    </ClInclude>
    <ClInclude Include="Math\SimVectors.hpp">
      <Filter>Math</Filter>
    </ClInclude>
    <ClInclude Include="Math\Vector2.hpp">
      <Filter>Math</Filter>
    </ClInclude>
    <ClInclude Include="Math\Vector3.hpp">
      <Filter>Math</Filter>
    </ClInclude>
    <ClInclude Include="Math\Vector4.hpp">
      <Filter>Math</Filter>
    </ClInclude>
    <ClInclude Include="Math\VectorHashPolicy.hpp">
      <Filter>Math</Filter>
    </ClInclude>
    <ClInclude Include="Math\WeightedProbabilityTable.hpp">
      <Filter>Math</Filter>
    </ClInclude>
    <ClInclude Include="Utility\Rect.hpp">
      <Filter>Utility</Filter>
    </ClInclude>
    <ClInclude Include="Math\MathToString.hpp">
      <Filter>Math</Filter>
    </ClInclude>
    <ClInclude Include="Platform\ComPort.hpp">
      <Filter>Platform</Filter>
    </ClInclude>
    <ClInclude Include="Platform\Intrinsics.hpp">
      <Filter>Platform</Filter>
    </ClInclude>
    <ClInclude Include="Platform.hpp" />
    <ClInclude Include="Platform\Atomic.hpp">
      <Filter>Platform</Filter>
    </ClInclude>
    <ClInclude Include="Platform\Browser.hpp">
      <Filter>Platform</Filter>
    </ClInclude>
    <ClInclude Include="Utility\Web.hpp">
      <Filter>Utility</Filter>
    </ClInclude>
    <ClInclude Include="Platform\Renderer.hpp">
      <Filter>Platform</Filter>
    </ClInclude>
    <ClInclude Include="Platform\RendererEnumerations.hpp">
      <Filter>Platform</Filter>
    </ClInclude>
    <ClInclude Include="Platform\Audio.hpp">
      <Filter>Platform</Filter>
    </ClInclude>
    <ClInclude Include="Utility\UintNType.hpp" />
    <ClInclude Include="Platform\Main.hpp">
      <Filter>Platform</Filter>
    </ClInclude>
  </ItemGroup>
  <ItemGroup>
    <Natvis Include="ZeroVisualizers.natvis" />
  </ItemGroup>
  <ItemGroup>
    <None Include="Lexer\Lexer.inl">
      <Filter>Lexer</Filter>
    </None>
    <None Include="Utility\Variant.inl">
      <Filter>Utility</Filter>
    </None>
    <None Include="Utility\BasicNativeTypes.inl">
      <Filter>Utility</Filter>
    </None>
    <None Include="Containers\BitStream.inl">
      <Filter>Containers</Filter>
    </None>
    <None Include="Math\BasicNativeTypesMath.inl">
      <Filter>Math</Filter>
    </None>
    <None Include="Math\GenericVector.inl">
      <Filter>Math</Filter>
    </None>
    <None Include="Math\SimMatrix3.inl">
      <Filter>Math</Filter>
    </None>
    <None Include="Math\SimMatrix4.inl">
      <Filter>Math</Filter>
    </None>
    <None Include="Math\SimVectors.inl">
      <Filter>Math</Filter>
    </None>
    <None Include="Math\SimVectorSpecific.inl">
      <Filter>Math</Filter>
    </None>
    <None Include="Math\Vector3.inl">
      <Filter>Math</Filter>
    </None>
  </ItemGroup>
</Project>