
Microsoft Visual Studio Solution File, Format Version 11.00
# Visual Studio 2010
Project("{FAE04EC0-301F-11D3-BF4B-00C04F79EFBC}") = "RegexBuilder", "RegexBuilder\RegexBuilder.csproj", "{30B77A69-CB08-45DD-B676-01C08234D5BB}"
EndProject
Global
	GlobalSection(SolutionConfigurationPlatforms) = preSolution
		Debug|x86 = Debug|x86
		Release|x86 = Release|x86
	EndGlobalSection
	GlobalSection(ProjectConfigurationPlatforms) = postSolution
		{30B77A69-CB08-45DD-B676-01C08234D5BB}.Debug|x86.ActiveCfg = Debug|x86
		{30B77A69-CB08-45DD-B676-01C08234D5BB}.Debug|x86.Build.0 = Debug|x86
		{30B77A69-CB08-45DD-B676-01C08234D5BB}.Release|x86.ActiveCfg = Release|x86
		{30B77A69-CB08-45DD-B676-01C08234D5BB}.Release|x86.Build.0 = Release|x86
	EndGlobalSection
	GlobalSection(SolutionProperties) = preSolution
		HideSolutionNode = FALSE
	EndGlobalSection
EndGlobal
