<?xml version="1.0" encoding="utf-8"?>
<Project ToolsVersion="4.0" xmlns="http://schemas.microsoft.com/developer/msbuild/2003">
  <ItemGroup>
    <ClInclude Include="Compositor.hpp" />
    <ClInclude Include="Precompiled.hpp" />
    <ClInclude Include="ShaderCodeBuilder.hpp" />
    <ClInclude Include="LibraryTranslator.hpp" />
    <ClInclude Include="LibraryTranslationHelpers.hpp" />
    <ClInclude Include="GlslTranslation.hpp">
      <Filter>LanguageTranslation</Filter>
    </ClInclude>
    <ClInclude Include="GenericTranslation.hpp">
      <Filter>LanguageTranslation</Filter>
    </ClInclude>
    <ClInclude Include="ZilchTypeCollector.hpp" />
    <ClInclude Include="ZilchShaderSharedSettings.hpp" />
    <ClInclude Include="ShaderType.hpp" />
    <ClInclude Include="ShaderLibrary.hpp" />
    <ClInclude Include="ShaderProject.hpp" />
    <ClInclude Include="ShaderErrors.hpp" />
    <ClInclude Include="SimpleZilchShaderGenerator.hpp" />
    <ClInclude Include="Translator.hpp" />
    <ClInclude Include="BaseShaderTranslator.hpp" />
    <ClInclude Include="CodeRangeMapping.hpp" />
    <ClInclude Include="ShaderIntrinsicTypes.hpp" />
    <ClInclude Include="TranslatorContext.hpp" />
    <ClInclude Include="GlslTranslator.hpp">
      <Filter>LanguageTranslation</Filter>
    </ClInclude>
    <ClInclude Include="ForwardDeclarations.hpp" />
    <ClInclude Include="ShaderAttributes.hpp" />
    <ClInclude Include="ZilchShaderSettingsLibrary.hpp" />
    <ClInclude Include="ZilchShadersStandard.hpp" />
  </ItemGroup>
  <ItemGroup>
    <ClCompile Include="Compositor.cpp" />
    <ClCompile Include="Precompiled.cpp" />
    <ClCompile Include="ShaderCodeBuilder.cpp" />
    <ClCompile Include="LibraryTranslator.cpp" />
    <ClCompile Include="LibraryTranslationHelpers.cpp" />
    <ClCompile Include="GlslTranslation.cpp">
      <Filter>LanguageTranslation</Filter>
    </ClCompile>
    <ClCompile Include="GenericTranslation.cpp">
      <Filter>LanguageTranslation</Filter>
    </ClCompile>
    <ClCompile Include="ZilchTypeCollector.cpp" />
    <ClCompile Include="ZilchShaderSharedSettings.cpp" />
    <ClCompile Include="ShaderType.cpp" />
    <ClCompile Include="ShaderLibrary.cpp" />
    <ClCompile Include="ShaderProject.cpp" />
    <ClCompile Include="ShaderErrors.cpp" />
    <ClCompile Include="SimpleZilchShaderGenerator.cpp" />
    <ClCompile Include="Translator.cpp" />
    <ClCompile Include="CodeRangeMapping.cpp" />
    <ClCompile Include="ShaderIntrinsicTypes.cpp" />
    <ClCompile Include="TranslatorContext.cpp" />
    <ClCompile Include="GlslTranslator.cpp">
      <Filter>LanguageTranslation</Filter>
    </ClCompile>
    <ClCompile Include="ShaderAttributes.cpp" />
    <ClCompile Include="ZilchShaderSettingsLibrary.cpp" />
    <ClCompile Include="ZilchShadersStandard.cpp" />
  </ItemGroup>
  <ItemGroup>
    <Filter Include="LanguageTranslation">
      <UniqueIdentifier>{8555eb2f-7908-42f3-b7d1-9e5798d846a7}</UniqueIdentifier>
    </Filter>
  </ItemGroup>
</Project>